// !$*UTF8*$!
{
	archiveVersion = 1;
	classes = {
	};
	objectVersion = 46;
	objects = {

/* Begin PBXBuildFile section */
		3002D4FF1DF85A7C0065D8C1 /* 4545.png in Resources */ = {isa = PBXBuildFile; fileRef = 3002D4FE1DF85A7C0065D8C1 /* 4545.png */; };
		301AD36B1E1E55A2004B1858 /* redo.png in Resources */ = {isa = PBXBuildFile; fileRef = 301AD36A1E1E55A2004B1858 /* redo.png */; };
		301AD36F1E1F6B14004B1858 /* enn.png in Resources */ = {isa = PBXBuildFile; fileRef = 301AD36E1E1F6B14004B1858 /* enn.png */; };
		301AD3711E1F6E9A004B1858 /* enn2.png in Resources */ = {isa = PBXBuildFile; fileRef = 301AD3701E1F6E9A004B1858 /* enn2.png */; };
		301AD3751E1F7296004B1858 /* index.png in Resources */ = {isa = PBXBuildFile; fileRef = 301AD3741E1F7296004B1858 /* index.png */; };
		30403F3E1E3DF833004120EB /* zoom@2x.png in Resources */ = {isa = PBXBuildFile; fileRef = 30403F3D1E3DF833004120EB /* zoom@2x.png */; };
		30403F401E3DFDD7004120EB /* ok@2x.png in Resources */ = {isa = PBXBuildFile; fileRef = 30403F3F1E3DFDD7004120EB /* ok@2x.png */; };
		30419DEF1DFFC58D00D22C8A /* Canvas.swift in Sources */ = {isa = PBXBuildFile; fileRef = 30419DEE1DFFC58D00D22C8A /* Canvas.swift */; };
		308BDDDE1E3CDA13006F1504 /* blankX.png in Resources */ = {isa = PBXBuildFile; fileRef = 308BDDDD1E3CDA13006F1504 /* blankX.png */; };
		30BE70A81E14009D00B9F52E /* 2lines.png in Resources */ = {isa = PBXBuildFile; fileRef = 30BE70A71E14009D00B9F52E /* 2lines.png */; };
		30BE70AA1E14016800B9F52E /* ダイヤ２.png in Resources */ = {isa = PBXBuildFile; fileRef = 30BE70A91E14016800B9F52E /* ダイヤ２.png */; };
		30BE70B31E1410E100B9F52E /* red3.png in Resources */ = {isa = PBXBuildFile; fileRef = 30BE70B11E1410E100B9F52E /* red3.png */; };
		30BE70B61E14BF3A00B9F52E /* green3a.png in Resources */ = {isa = PBXBuildFile; fileRef = 30BE70B51E14BF3A00B9F52E /* green3a.png */; };
		30BE70BA1E14CFAC00B9F52E /* OVRW.png in Resources */ = {isa = PBXBuildFile; fileRef = 30BE70B91E14CFAC00B9F52E /* OVRW.png */; };
		30BE70BD1E14D3EA00B9F52E /* DEL.png in Resources */ = {isa = PBXBuildFile; fileRef = 30BE70BB1E14D3EA00B9F52E /* DEL.png */; };
		30BE70BE1E14D3EA00B9F52E /* INS.png in Resources */ = {isa = PBXBuildFile; fileRef = 30BE70BC1E14D3EA00B9F52E /* INS.png */; };
		30BE70C01E14D59400B9F52E /* CLR.png in Resources */ = {isa = PBXBuildFile; fileRef = 30BE70BF1E14D59400B9F52E /* CLR.png */; };
		30C2B1811DEB1DFF0069A5DF /* TouchScroll.swift in Sources */ = {isa = PBXBuildFile; fileRef = 30C2B1801DEB1DFF0069A5DF /* TouchScroll.swift */; };
		30C2B1831DEB1E310069A5DF /* Memo.swift in Sources */ = {isa = PBXBuildFile; fileRef = 30C2B1821DEB1E310069A5DF /* Memo.swift */; };
		30C2B1901DEB259D0069A5DF /* wave.png in Resources */ = {isa = PBXBuildFile; fileRef = 30C2B1851DEB259D0069A5DF /* wave.png */; };
		30C2B1911DEB259D0069A5DF /* wave3.png in Resources */ = {isa = PBXBuildFile; fileRef = 30C2B1861DEB259D0069A5DF /* wave3.png */; };
		30C2B1921DEB259D0069A5DF /* blankP.png in Resources */ = {isa = PBXBuildFile; fileRef = 30C2B1871DEB259D0069A5DF /* blankP.png */; };
		30C2B1931DEB259D0069A5DF /* blankW.png in Resources */ = {isa = PBXBuildFile; fileRef = 30C2B1881DEB259D0069A5DF /* blankW.png */; };
		30C2B1941DEB259D0069A5DF /* blank.png in Resources */ = {isa = PBXBuildFile; fileRef = 30C2B1891DEB259D0069A5DF /* blank.png */; };
		30C2B1951DEB259D0069A5DF /* blankA.png in Resources */ = {isa = PBXBuildFile; fileRef = 30C2B18A1DEB259D0069A5DF /* blankA.png */; };
		30C2B1961DEB259D0069A5DF /* bg2.png in Resources */ = {isa = PBXBuildFile; fileRef = 30C2B18B1DEB259D0069A5DF /* bg2.png */; };
		30C2B1971DEB259D0069A5DF /* bg3.png in Resources */ = {isa = PBXBuildFile; fileRef = 30C2B18C1DEB259D0069A5DF /* bg3.png */; };
		30C2B1981DEB259D0069A5DF /* bg6.png in Resources */ = {isa = PBXBuildFile; fileRef = 30C2B18D1DEB259D0069A5DF /* bg6.png */; };
		30C2B1991DEB259D0069A5DF /* selected.png in Resources */ = {isa = PBXBuildFile; fileRef = 30C2B18E1DEB259D0069A5DF /* selected.png */; };
		30C2B19A1DEB259D0069A5DF /* unSelect.png in Resources */ = {isa = PBXBuildFile; fileRef = 30C2B18F1DEB259D0069A5DF /* unSelect.png */; };
		30D9F3271E138FEB00142144 /* スペード.png in Resources */ = {isa = PBXBuildFile; fileRef = 30D9F3261E138FEB00142144 /* スペード.png */; };
		30D9F3291E138FF800142144 /* ハート.png in Resources */ = {isa = PBXBuildFile; fileRef = 30D9F3281E138FF800142144 /* ハート.png */; };
		30D9F32C1E13901D00142144 /* ４つ葉.png in Resources */ = {isa = PBXBuildFile; fileRef = 30D9F32A1E13901D00142144 /* ４つ葉.png */; };
		30D9F32D1E13901D00142144 /* 三つ葉.png in Resources */ = {isa = PBXBuildFile; fileRef = 30D9F32B1E13901D00142144 /* 三つ葉.png */; };
		30D9F32F1E13903100142144 /* ダイヤ.png in Resources */ = {isa = PBXBuildFile; fileRef = 30D9F32E1E13903100142144 /* ダイヤ.png */; };
		30D9F3321E13B82B00142144 /* pen2.png in Resources */ = {isa = PBXBuildFile; fileRef = 30D9F3301E13B82B00142144 /* pen2.png */; };
		30D9F3331E13B82B00142144 /* keshi.png in Resources */ = {isa = PBXBuildFile; fileRef = 30D9F3311E13B82B00142144 /* keshi.png */; };
		30DAD8881DE5C3040068FF45 /* AppDelegate.swift in Sources */ = {isa = PBXBuildFile; fileRef = 30DAD8871DE5C3040068FF45 /* AppDelegate.swift */; };
		30DAD88A1DE5C3040068FF45 /* ViewController.swift in Sources */ = {isa = PBXBuildFile; fileRef = 30DAD8891DE5C3040068FF45 /* ViewController.swift */; };
		30DAD88D1DE5C3040068FF45 /* Main.storyboard in Resources */ = {isa = PBXBuildFile; fileRef = 30DAD88B1DE5C3040068FF45 /* Main.storyboard */; };
		30DAD88F1DE5C3040068FF45 /* Assets.xcassets in Resources */ = {isa = PBXBuildFile; fileRef = 30DAD88E1DE5C3040068FF45 /* Assets.xcassets */; };
		30DAD8921DE5C3040068FF45 /* LaunchScreen.storyboard in Resources */ = {isa = PBXBuildFile; fileRef = 30DAD8901DE5C3040068FF45 /* LaunchScreen.storyboard */; };
		30DAD89D1DE5C3040068FF45 /* Poke_MemoTests.swift in Sources */ = {isa = PBXBuildFile; fileRef = 30DAD89C1DE5C3040068FF45 /* Poke_MemoTests.swift */; };
		30DAD8A81DE5C3040068FF45 /* Poke_MemoUITests.swift in Sources */ = {isa = PBXBuildFile; fileRef = 30DAD8A71DE5C3040068FF45 /* Poke_MemoUITests.swift */; };
		30DEDDDA1E0D25A40051C829 /* 僕の世界.jpg in Resources */ = {isa = PBXBuildFile; fileRef = 30DEDDD91E0D25A40051C829 /* 僕の世界.jpg */; };
		30DEDDDC1E0D428C0051C829 /* Editor.swift in Sources */ = {isa = PBXBuildFile; fileRef = 30DEDDDB1E0D428C0051C829 /* Editor.swift */; };
		30E326A41E474D1700DD6686 /* 3lines.png in Resources */ = {isa = PBXBuildFile; fileRef = 30E326A31E474D1700DD6686 /* 3lines.png */; };
		30E326A61E474E5B00DD6686 /* lines.png in Resources */ = {isa = PBXBuildFile; fileRef = 30E326A51E474E5B00DD6686 /* lines.png */; };
/* End PBXBuildFile section */

/* Begin PBXContainerItemProxy section */
		30DAD8991DE5C3040068FF45 /* PBXContainerItemProxy */ = {
			isa = PBXContainerItemProxy;
			containerPortal = 30DAD87C1DE5C3040068FF45 /* Project object */;
			proxyType = 1;
			remoteGlobalIDString = 30DAD8831DE5C3040068FF45;
			remoteInfo = "Poke Memo";
		};
		30DAD8A41DE5C3040068FF45 /* PBXContainerItemProxy */ = {
			isa = PBXContainerItemProxy;
			containerPortal = 30DAD87C1DE5C3040068FF45 /* Project object */;
			proxyType = 1;
			remoteGlobalIDString = 30DAD8831DE5C3040068FF45;
			remoteInfo = "Poke Memo";
		};
/* End PBXContainerItemProxy section */

/* Begin PBXFileReference section */
		3002D4FE1DF85A7C0065D8C1 /* 4545.png */ = {isa = PBXFileReference; lastKnownFileType = image.png; path = 4545.png; sourceTree = "<group>"; };
		301AD36A1E1E55A2004B1858 /* redo.png */ = {isa = PBXFileReference; lastKnownFileType = image.png; path = redo.png; sourceTree = "<group>"; };
		301AD36E1E1F6B14004B1858 /* enn.png */ = {isa = PBXFileReference; lastKnownFileType = image.png; path = enn.png; sourceTree = "<group>"; };
		301AD3701E1F6E9A004B1858 /* enn2.png */ = {isa = PBXFileReference; lastKnownFileType = image.png; path = enn2.png; sourceTree = "<group>"; };
		301AD3741E1F7296004B1858 /* index.png */ = {isa = PBXFileReference; lastKnownFileType = image.png; path = index.png; sourceTree = "<group>"; };
		30403F3D1E3DF833004120EB /* zoom@2x.png */ = {isa = PBXFileReference; lastKnownFileType = image.png; path = "zoom@2x.png"; sourceTree = "<group>"; };
		30403F3F1E3DFDD7004120EB /* ok@2x.png */ = {isa = PBXFileReference; lastKnownFileType = image.png; path = "ok@2x.png"; sourceTree = "<group>"; };
		30419DEE1DFFC58D00D22C8A /* Canvas.swift */ = {isa = PBXFileReference; fileEncoding = 4; lastKnownFileType = sourcecode.swift; path = Canvas.swift; sourceTree = "<group>"; };
		308BDDDD1E3CDA13006F1504 /* blankX.png */ = {isa = PBXFileReference; lastKnownFileType = image.png; path = blankX.png; sourceTree = "<group>"; };
		30BE70A71E14009D00B9F52E /* 2lines.png */ = {isa = PBXFileReference; lastKnownFileType = image.png; path = 2lines.png; sourceTree = "<group>"; };
		30BE70A91E14016800B9F52E /* ダイヤ２.png */ = {isa = PBXFileReference; lastKnownFileType = image.png; path = "ダイヤ２.png"; sourceTree = "<group>"; };
		30BE70B11E1410E100B9F52E /* red3.png */ = {isa = PBXFileReference; lastKnownFileType = image.png; path = red3.png; sourceTree = "<group>"; };
		30BE70B51E14BF3A00B9F52E /* green3a.png */ = {isa = PBXFileReference; lastKnownFileType = image.png; path = green3a.png; sourceTree = "<group>"; };
		30BE70B91E14CFAC00B9F52E /* OVRW.png */ = {isa = PBXFileReference; lastKnownFileType = image.png; path = OVRW.png; sourceTree = "<group>"; };
		30BE70BB1E14D3EA00B9F52E /* DEL.png */ = {isa = PBXFileReference; lastKnownFileType = image.png; path = DEL.png; sourceTree = "<group>"; };
		30BE70BC1E14D3EA00B9F52E /* INS.png */ = {isa = PBXFileReference; lastKnownFileType = image.png; path = INS.png; sourceTree = "<group>"; };
		30BE70BF1E14D59400B9F52E /* CLR.png */ = {isa = PBXFileReference; lastKnownFileType = image.png; path = CLR.png; sourceTree = "<group>"; };
		30C2B1801DEB1DFF0069A5DF /* TouchScroll.swift */ = {isa = PBXFileReference; fileEncoding = 4; lastKnownFileType = sourcecode.swift; path = TouchScroll.swift; sourceTree = "<group>"; };
		30C2B1821DEB1E310069A5DF /* Memo.swift */ = {isa = PBXFileReference; fileEncoding = 4; lastKnownFileType = sourcecode.swift; path = Memo.swift; sourceTree = "<group>"; };
		30C2B1851DEB259D0069A5DF /* wave.png */ = {isa = PBXFileReference; lastKnownFileType = image.png; path = wave.png; sourceTree = "<group>"; };
		30C2B1861DEB259D0069A5DF /* wave3.png */ = {isa = PBXFileReference; lastKnownFileType = image.png; path = wave3.png; sourceTree = "<group>"; };
		30C2B1871DEB259D0069A5DF /* blankP.png */ = {isa = PBXFileReference; lastKnownFileType = image.png; path = blankP.png; sourceTree = "<group>"; };
		30C2B1881DEB259D0069A5DF /* blankW.png */ = {isa = PBXFileReference; lastKnownFileType = image.png; path = blankW.png; sourceTree = "<group>"; };
		30C2B1891DEB259D0069A5DF /* blank.png */ = {isa = PBXFileReference; lastKnownFileType = image.png; path = blank.png; sourceTree = "<group>"; };
		30C2B18A1DEB259D0069A5DF /* blankA.png */ = {isa = PBXFileReference; lastKnownFileType = image.png; path = blankA.png; sourceTree = "<group>"; };
		30C2B18B1DEB259D0069A5DF /* bg2.png */ = {isa = PBXFileReference; lastKnownFileType = image.png; path = bg2.png; sourceTree = "<group>"; };
		30C2B18C1DEB259D0069A5DF /* bg3.png */ = {isa = PBXFileReference; lastKnownFileType = image.png; path = bg3.png; sourceTree = "<group>"; };
		30C2B18D1DEB259D0069A5DF /* bg6.png */ = {isa = PBXFileReference; lastKnownFileType = image.png; path = bg6.png; sourceTree = "<group>"; };
		30C2B18E1DEB259D0069A5DF /* selected.png */ = {isa = PBXFileReference; lastKnownFileType = image.png; path = selected.png; sourceTree = "<group>"; };
		30C2B18F1DEB259D0069A5DF /* unSelect.png */ = {isa = PBXFileReference; lastKnownFileType = image.png; path = unSelect.png; sourceTree = "<group>"; };
		30D9F3261E138FEB00142144 /* スペード.png */ = {isa = PBXFileReference; lastKnownFileType = image.png; path = "スペード.png"; sourceTree = "<group>"; };
		30D9F3281E138FF800142144 /* ハート.png */ = {isa = PBXFileReference; lastKnownFileType = image.png; path = "ハート.png"; sourceTree = "<group>"; };
		30D9F32A1E13901D00142144 /* ４つ葉.png */ = {isa = PBXFileReference; lastKnownFileType = image.png; path = "４つ葉.png"; sourceTree = "<group>"; };
		30D9F32B1E13901D00142144 /* 三つ葉.png */ = {isa = PBXFileReference; lastKnownFileType = image.png; path = "三つ葉.png"; sourceTree = "<group>"; };
		30D9F32E1E13903100142144 /* ダイヤ.png */ = {isa = PBXFileReference; lastKnownFileType = image.png; path = "ダイヤ.png"; sourceTree = "<group>"; };
		30D9F3301E13B82B00142144 /* pen2.png */ = {isa = PBXFileReference; lastKnownFileType = image.png; path = pen2.png; sourceTree = "<group>"; };
		30D9F3311E13B82B00142144 /* keshi.png */ = {isa = PBXFileReference; lastKnownFileType = image.png; path = keshi.png; sourceTree = "<group>"; };
		30DAD8841DE5C3040068FF45 /* Poke Memo.app */ = {isa = PBXFileReference; explicitFileType = wrapper.application; includeInIndex = 0; path = "Poke Memo.app"; sourceTree = BUILT_PRODUCTS_DIR; };
		30DAD8871DE5C3040068FF45 /* AppDelegate.swift */ = {isa = PBXFileReference; lastKnownFileType = sourcecode.swift; path = AppDelegate.swift; sourceTree = "<group>"; };
		30DAD8891DE5C3040068FF45 /* ViewController.swift */ = {isa = PBXFileReference; lastKnownFileType = sourcecode.swift; path = ViewController.swift; sourceTree = "<group>"; };
		30DAD88C1DE5C3040068FF45 /* Base */ = {isa = PBXFileReference; lastKnownFileType = file.storyboard; name = Base; path = Base.lproj/Main.storyboard; sourceTree = "<group>"; };
		30DAD88E1DE5C3040068FF45 /* Assets.xcassets */ = {isa = PBXFileReference; lastKnownFileType = folder.assetcatalog; path = Assets.xcassets; sourceTree = "<group>"; };
		30DAD8911DE5C3040068FF45 /* Base */ = {isa = PBXFileReference; lastKnownFileType = file.storyboard; name = Base; path = Base.lproj/LaunchScreen.storyboard; sourceTree = "<group>"; };
		30DAD8931DE5C3040068FF45 /* Info.plist */ = {isa = PBXFileReference; lastKnownFileType = text.plist.xml; path = Info.plist; sourceTree = "<group>"; };
		30DAD8981DE5C3040068FF45 /* Poke MemoTests.xctest */ = {isa = PBXFileReference; explicitFileType = wrapper.cfbundle; includeInIndex = 0; path = "Poke MemoTests.xctest"; sourceTree = BUILT_PRODUCTS_DIR; };
		30DAD89C1DE5C3040068FF45 /* Poke_MemoTests.swift */ = {isa = PBXFileReference; lastKnownFileType = sourcecode.swift; path = Poke_MemoTests.swift; sourceTree = "<group>"; };
		30DAD89E1DE5C3040068FF45 /* Info.plist */ = {isa = PBXFileReference; lastKnownFileType = text.plist.xml; path = Info.plist; sourceTree = "<group>"; };
		30DAD8A31DE5C3040068FF45 /* Poke MemoUITests.xctest */ = {isa = PBXFileReference; explicitFileType = wrapper.cfbundle; includeInIndex = 0; path = "Poke MemoUITests.xctest"; sourceTree = BUILT_PRODUCTS_DIR; };
		30DAD8A71DE5C3040068FF45 /* Poke_MemoUITests.swift */ = {isa = PBXFileReference; lastKnownFileType = sourcecode.swift; path = Poke_MemoUITests.swift; sourceTree = "<group>"; };
		30DAD8A91DE5C3040068FF45 /* Info.plist */ = {isa = PBXFileReference; lastKnownFileType = text.plist.xml; path = Info.plist; sourceTree = "<group>"; };
		30DEDDD91E0D25A40051C829 /* 僕の世界.jpg */ = {isa = PBXFileReference; lastKnownFileType = image.jpeg; path = "僕の世界.jpg"; sourceTree = "<group>"; };
		30DEDDDB1E0D428C0051C829 /* Editor.swift */ = {isa = PBXFileReference; fileEncoding = 4; lastKnownFileType = sourcecode.swift; path = Editor.swift; sourceTree = "<group>"; };
		30E326A31E474D1700DD6686 /* 3lines.png */ = {isa = PBXFileReference; lastKnownFileType = image.png; path = 3lines.png; sourceTree = "<group>"; };
		30E326A51E474E5B00DD6686 /* lines.png */ = {isa = PBXFileReference; lastKnownFileType = image.png; path = lines.png; sourceTree = "<group>"; };
/* End PBXFileReference section */

/* Begin PBXFrameworksBuildPhase section */
		30DAD8811DE5C3040068FF45 /* Frameworks */ = {
			isa = PBXFrameworksBuildPhase;
			buildActionMask = 2147483647;
			files = (
			);
			runOnlyForDeploymentPostprocessing = 0;
		};
		30DAD8951DE5C3040068FF45 /* Frameworks */ = {
			isa = PBXFrameworksBuildPhase;
			buildActionMask = 2147483647;
			files = (
			);
			runOnlyForDeploymentPostprocessing = 0;
		};
		30DAD8A01DE5C3040068FF45 /* Frameworks */ = {
			isa = PBXFrameworksBuildPhase;
			buildActionMask = 2147483647;
			files = (
			);
			runOnlyForDeploymentPostprocessing = 0;
		};
/* End PBXFrameworksBuildPhase section */

/* Begin PBXGroup section */
		30C2B1841DEB24F60069A5DF /* Imgs */ = {
			isa = PBXGroup;
			children = (
				30E326A51E474E5B00DD6686 /* lines.png */,
				30E326A31E474D1700DD6686 /* 3lines.png */,
				30403F3F1E3DFDD7004120EB /* ok@2x.png */,
				30403F3D1E3DF833004120EB /* zoom@2x.png */,
				308BDDDD1E3CDA13006F1504 /* blankX.png */,
				301AD3741E1F7296004B1858 /* index.png */,
				301AD36E1E1F6B14004B1858 /* enn.png */,
				301AD3701E1F6E9A004B1858 /* enn2.png */,
				301AD36A1E1E55A2004B1858 /* redo.png */,
				30BE70BF1E14D59400B9F52E /* CLR.png */,
				30BE70BB1E14D3EA00B9F52E /* DEL.png */,
				30BE70BC1E14D3EA00B9F52E /* INS.png */,
				30BE70B91E14CFAC00B9F52E /* OVRW.png */,
				30BE70B11E1410E100B9F52E /* red3.png */,
				30BE70B51E14BF3A00B9F52E /* green3a.png */,
				30BE70A71E14009D00B9F52E /* 2lines.png */,
				30D9F3301E13B82B00142144 /* pen2.png */,
				30D9F3311E13B82B00142144 /* keshi.png */,
				30D9F3261E138FEB00142144 /* スペード.png */,
				30D9F3281E138FF800142144 /* ハート.png */,
				30D9F32A1E13901D00142144 /* ４つ葉.png */,
				30D9F32B1E13901D00142144 /* 三つ葉.png */,
				30D9F32E1E13903100142144 /* ダイヤ.png */,
				30BE70A91E14016800B9F52E /* ダイヤ２.png */,
				3002D4FE1DF85A7C0065D8C1 /* 4545.png */,
				30C2B1851DEB259D0069A5DF /* wave.png */,
				30C2B1861DEB259D0069A5DF /* wave3.png */,
				30C2B1871DEB259D0069A5DF /* blankP.png */,
				30C2B1881DEB259D0069A5DF /* blankW.png */,
				30C2B1891DEB259D0069A5DF /* blank.png */,
				30C2B18A1DEB259D0069A5DF /* blankA.png */,
				30DEDDD91E0D25A40051C829 /* 僕の世界.jpg */,
				30C2B18B1DEB259D0069A5DF /* bg2.png */,
				30C2B18C1DEB259D0069A5DF /* bg3.png */,
				30C2B18D1DEB259D0069A5DF /* bg6.png */,
				30C2B18F1DEB259D0069A5DF /* unSelect.png */,
				30C2B18E1DEB259D0069A5DF /* selected.png */,
			);
			name = Imgs;
			sourceTree = "<group>";
		};
		30DAD87B1DE5C3040068FF45 = {
			isa = PBXGroup;
			children = (
				30DAD8861DE5C3040068FF45 /* Poke Memo */,
				30DAD89B1DE5C3040068FF45 /* Poke MemoTests */,
				30DAD8A61DE5C3040068FF45 /* Poke MemoUITests */,
				30DAD8851DE5C3040068FF45 /* Products */,
			);
			sourceTree = "<group>";
		};
		30DAD8851DE5C3040068FF45 /* Products */ = {
			isa = PBXGroup;
			children = (
				30DAD8841DE5C3040068FF45 /* Poke Memo.app */,
				30DAD8981DE5C3040068FF45 /* Poke MemoTests.xctest */,
				30DAD8A31DE5C3040068FF45 /* Poke MemoUITests.xctest */,
			);
			name = Products;
			sourceTree = "<group>";
		};
		30DAD8861DE5C3040068FF45 /* Poke Memo */ = {
			isa = PBXGroup;
			children = (
				30C2B1841DEB24F60069A5DF /* Imgs */,
				30DAD8871DE5C3040068FF45 /* AppDelegate.swift */,
				30DAD8891DE5C3040068FF45 /* ViewController.swift */,
				30DEDDDB1E0D428C0051C829 /* Editor.swift */,
				30419DEE1DFFC58D00D22C8A /* Canvas.swift */,
				30C2B1801DEB1DFF0069A5DF /* TouchScroll.swift */,
				30C2B1821DEB1E310069A5DF /* Memo.swift */,
				30DAD88B1DE5C3040068FF45 /* Main.storyboard */,
				30DAD88E1DE5C3040068FF45 /* Assets.xcassets */,
				30DAD8901DE5C3040068FF45 /* LaunchScreen.storyboard */,
				30DAD8931DE5C3040068FF45 /* Info.plist */,
			);
			path = "Poke Memo";
			sourceTree = "<group>";
		};
		30DAD89B1DE5C3040068FF45 /* Poke MemoTests */ = {
			isa = PBXGroup;
			children = (
				30DAD89C1DE5C3040068FF45 /* Poke_MemoTests.swift */,
				30DAD89E1DE5C3040068FF45 /* Info.plist */,
			);
			path = "Poke MemoTests";
			sourceTree = "<group>";
		};
		30DAD8A61DE5C3040068FF45 /* Poke MemoUITests */ = {
			isa = PBXGroup;
			children = (
				30DAD8A71DE5C3040068FF45 /* Poke_MemoUITests.swift */,
				30DAD8A91DE5C3040068FF45 /* Info.plist */,
			);
			path = "Poke MemoUITests";
			sourceTree = "<group>";
		};
/* End PBXGroup section */

/* Begin PBXNativeTarget section */
		30DAD8831DE5C3040068FF45 /* Poke Memo */ = {
			isa = PBXNativeTarget;
			buildConfigurationList = 30DAD8AC1DE5C3040068FF45 /* Build configuration list for PBXNativeTarget "Poke Memo" */;
			buildPhases = (
				30DAD8801DE5C3040068FF45 /* Sources */,
				30DAD8811DE5C3040068FF45 /* Frameworks */,
				30DAD8821DE5C3040068FF45 /* Resources */,
			);
			buildRules = (
			);
			dependencies = (
			);
			name = "Poke Memo";
			productName = "Poke Memo";
			productReference = 30DAD8841DE5C3040068FF45 /* Poke Memo.app */;
			productType = "com.apple.product-type.application";
		};
		30DAD8971DE5C3040068FF45 /* Poke MemoTests */ = {
			isa = PBXNativeTarget;
			buildConfigurationList = 30DAD8AF1DE5C3040068FF45 /* Build configuration list for PBXNativeTarget "Poke MemoTests" */;
			buildPhases = (
				30DAD8941DE5C3040068FF45 /* Sources */,
				30DAD8951DE5C3040068FF45 /* Frameworks */,
				30DAD8961DE5C3040068FF45 /* Resources */,
			);
			buildRules = (
			);
			dependencies = (
				30DAD89A1DE5C3040068FF45 /* PBXTargetDependency */,
			);
			name = "Poke MemoTests";
			productName = "Poke MemoTests";
			productReference = 30DAD8981DE5C3040068FF45 /* Poke MemoTests.xctest */;
			productType = "com.apple.product-type.bundle.unit-test";
		};
		30DAD8A21DE5C3040068FF45 /* Poke MemoUITests */ = {
			isa = PBXNativeTarget;
			buildConfigurationList = 30DAD8B21DE5C3040068FF45 /* Build configuration list for PBXNativeTarget "Poke MemoUITests" */;
			buildPhases = (
				30DAD89F1DE5C3040068FF45 /* Sources */,
				30DAD8A01DE5C3040068FF45 /* Frameworks */,
				30DAD8A11DE5C3040068FF45 /* Resources */,
			);
			buildRules = (
			);
			dependencies = (
				30DAD8A51DE5C3040068FF45 /* PBXTargetDependency */,
			);
			name = "Poke MemoUITests";
			productName = "Poke MemoUITests";
			productReference = 30DAD8A31DE5C3040068FF45 /* Poke MemoUITests.xctest */;
			productType = "com.apple.product-type.bundle.ui-testing";
		};
/* End PBXNativeTarget section */

/* Begin PBXProject section */
		30DAD87C1DE5C3040068FF45 /* Project object */ = {
			isa = PBXProject;
			attributes = {
				LastSwiftUpdateCheck = 0810;
				LastUpgradeCheck = 0810;
				ORGANIZATIONNAME = mm289;
				TargetAttributes = {
					30DAD8831DE5C3040068FF45 = {
						CreatedOnToolsVersion = 8.1;
						DevelopmentTeam = 4F3H93F24G;
						ProvisioningStyle = Automatic;
					};
					30DAD8971DE5C3040068FF45 = {
						CreatedOnToolsVersion = 8.1;
						DevelopmentTeam = 4F3H93F24G;
						ProvisioningStyle = Automatic;
						TestTargetID = 30DAD8831DE5C3040068FF45;
					};
					30DAD8A21DE5C3040068FF45 = {
						CreatedOnToolsVersion = 8.1;
						DevelopmentTeam = 4F3H93F24G;
						ProvisioningStyle = Automatic;
						TestTargetID = 30DAD8831DE5C3040068FF45;
					};
				};
			};
			buildConfigurationList = 30DAD87F1DE5C3040068FF45 /* Build configuration list for PBXProject "Poke Memo" */;
			compatibilityVersion = "Xcode 3.2";
			developmentRegion = English;
			hasScannedForEncodings = 0;
			knownRegions = (
				en,
				Base,
			);
			mainGroup = 30DAD87B1DE5C3040068FF45;
			productRefGroup = 30DAD8851DE5C3040068FF45 /* Products */;
			projectDirPath = "";
			projectRoot = "";
			targets = (
				30DAD8831DE5C3040068FF45 /* Poke Memo */,
				30DAD8971DE5C3040068FF45 /* Poke MemoTests */,
				30DAD8A21DE5C3040068FF45 /* Poke MemoUITests */,
			);
		};
/* End PBXProject section */

/* Begin PBXResourcesBuildPhase section */
		30DAD8821DE5C3040068FF45 /* Resources */ = {
			isa = PBXResourcesBuildPhase;
			buildActionMask = 2147483647;
			files = (
				30BE70BE1E14D3EA00B9F52E /* INS.png in Resources */,
				30403F3E1E3DF833004120EB /* zoom@2x.png in Resources */,
				30C2B1911DEB259D0069A5DF /* wave3.png in Resources */,
				30DAD8921DE5C3040068FF45 /* LaunchScreen.storyboard in Resources */,
				301AD36F1E1F6B14004B1858 /* enn.png in Resources */,
				30DAD88F1DE5C3040068FF45 /* Assets.xcassets in Resources */,
				30BE70B61E14BF3A00B9F52E /* green3a.png in Resources */,
				30E326A61E474E5B00DD6686 /* lines.png in Resources */,
				301AD3751E1F7296004B1858 /* index.png in Resources */,
				301AD36B1E1E55A2004B1858 /* redo.png in Resources */,
				30C2B1961DEB259D0069A5DF /* bg2.png in Resources */,
				30E326A41E474D1700DD6686 /* 3lines.png in Resources */,
				301AD3711E1F6E9A004B1858 /* enn2.png in Resources */,
				30C2B19A1DEB259D0069A5DF /* unSelect.png in Resources */,
				30BE70AA1E14016800B9F52E /* ダイヤ２.png in Resources */,
				30D9F32F1E13903100142144 /* ダイヤ.png in Resources */,
				30C2B1931DEB259D0069A5DF /* blankW.png in Resources */,
				30C2B1941DEB259D0069A5DF /* blank.png in Resources */,
				30C2B1991DEB259D0069A5DF /* selected.png in Resources */,
				30C2B1951DEB259D0069A5DF /* blankA.png in Resources */,
				30D9F32C1E13901D00142144 /* ４つ葉.png in Resources */,
				30C2B1901DEB259D0069A5DF /* wave.png in Resources */,
				30D9F3271E138FEB00142144 /* スペード.png in Resources */,
				30C2B1971DEB259D0069A5DF /* bg3.png in Resources */,
				308BDDDE1E3CDA13006F1504 /* blankX.png in Resources */,
				30BE70BD1E14D3EA00B9F52E /* DEL.png in Resources */,
				30D9F3321E13B82B00142144 /* pen2.png in Resources */,
				30C2B1981DEB259D0069A5DF /* bg6.png in Resources */,
				30DEDDDA1E0D25A40051C829 /* 僕の世界.jpg in Resources */,
				30403F401E3DFDD7004120EB /* ok@2x.png in Resources */,
				30BE70C01E14D59400B9F52E /* CLR.png in Resources */,
				3002D4FF1DF85A7C0065D8C1 /* 4545.png in Resources */,
				30BE70B31E1410E100B9F52E /* red3.png in Resources */,
				30BE70A81E14009D00B9F52E /* 2lines.png in Resources */,
				30D9F3331E13B82B00142144 /* keshi.png in Resources */,
				30D9F32D1E13901D00142144 /* 三つ葉.png in Resources */,
				30D9F3291E138FF800142144 /* ハート.png in Resources */,
				30BE70BA1E14CFAC00B9F52E /* OVRW.png in Resources */,
				30DAD88D1DE5C3040068FF45 /* Main.storyboard in Resources */,
				30C2B1921DEB259D0069A5DF /* blankP.png in Resources */,
			);
			runOnlyForDeploymentPostprocessing = 0;
		};
		30DAD8961DE5C3040068FF45 /* Resources */ = {
			isa = PBXResourcesBuildPhase;
			buildActionMask = 2147483647;
			files = (
			);
			runOnlyForDeploymentPostprocessing = 0;
		};
		30DAD8A11DE5C3040068FF45 /* Resources */ = {
			isa = PBXResourcesBuildPhase;
			buildActionMask = 2147483647;
			files = (
			);
			runOnlyForDeploymentPostprocessing = 0;
		};
/* End PBXResourcesBuildPhase section */

/* Begin PBXSourcesBuildPhase section */
		30DAD8801DE5C3040068FF45 /* Sources */ = {
			isa = PBXSourcesBuildPhase;
			buildActionMask = 2147483647;
			files = (
				30DEDDDC1E0D428C0051C829 /* Editor.swift in Sources */,
				30DAD88A1DE5C3040068FF45 /* ViewController.swift in Sources */,
				30C2B1811DEB1DFF0069A5DF /* TouchScroll.swift in Sources */,
				30DAD8881DE5C3040068FF45 /* AppDelegate.swift in Sources */,
				30C2B1831DEB1E310069A5DF /* Memo.swift in Sources */,
				30419DEF1DFFC58D00D22C8A /* Canvas.swift in Sources */,
			);
			runOnlyForDeploymentPostprocessing = 0;
		};
		30DAD8941DE5C3040068FF45 /* Sources */ = {
			isa = PBXSourcesBuildPhase;
			buildActionMask = 2147483647;
			files = (
				30DAD89D1DE5C3040068FF45 /* Poke_MemoTests.swift in Sources */,
			);
			runOnlyForDeploymentPostprocessing = 0;
		};
		30DAD89F1DE5C3040068FF45 /* Sources */ = {
			isa = PBXSourcesBuildPhase;
			buildActionMask = 2147483647;
			files = (
				30DAD8A81DE5C3040068FF45 /* Poke_MemoUITests.swift in Sources */,
			);
			runOnlyForDeploymentPostprocessing = 0;
		};
/* End PBXSourcesBuildPhase section */

/* Begin PBXTargetDependency section */
		30DAD89A1DE5C3040068FF45 /* PBXTargetDependency */ = {
			isa = PBXTargetDependency;
			target = 30DAD8831DE5C3040068FF45 /* Poke Memo */;
			targetProxy = 30DAD8991DE5C3040068FF45 /* PBXContainerItemProxy */;
		};
		30DAD8A51DE5C3040068FF45 /* PBXTargetDependency */ = {
			isa = PBXTargetDependency;
			target = 30DAD8831DE5C3040068FF45 /* Poke Memo */;
			targetProxy = 30DAD8A41DE5C3040068FF45 /* PBXContainerItemProxy */;
		};
/* End PBXTargetDependency section */

/* Begin PBXVariantGroup section */
		30DAD88B1DE5C3040068FF45 /* Main.storyboard */ = {
			isa = PBXVariantGroup;
			children = (
				30DAD88C1DE5C3040068FF45 /* Base */,
			);
			name = Main.storyboard;
			sourceTree = "<group>";
		};
		30DAD8901DE5C3040068FF45 /* LaunchScreen.storyboard */ = {
			isa = PBXVariantGroup;
			children = (
				30DAD8911DE5C3040068FF45 /* Base */,
			);
			name = LaunchScreen.storyboard;
			sourceTree = "<group>";
		};
/* End PBXVariantGroup section */

/* Begin XCBuildConfiguration section */
		30DAD8AA1DE5C3040068FF45 /* Debug */ = {
			isa = XCBuildConfiguration;
			buildSettings = {
				ALWAYS_SEARCH_USER_PATHS = NO;
				CLANG_ANALYZER_NONNULL = YES;
				CLANG_CXX_LANGUAGE_STANDARD = "gnu++0x";
				CLANG_CXX_LIBRARY = "libc++";
				CLANG_ENABLE_MODULES = YES;
				CLANG_ENABLE_OBJC_ARC = YES;
				CLANG_WARN_BOOL_CONVERSION = YES;
				CLANG_WARN_CONSTANT_CONVERSION = YES;
				CLANG_WARN_DIRECT_OBJC_ISA_USAGE = YES_ERROR;
				CLANG_WARN_DOCUMENTATION_COMMENTS = YES;
				CLANG_WARN_EMPTY_BODY = YES;
				CLANG_WARN_ENUM_CONVERSION = YES;
				CLANG_WARN_INFINITE_RECURSION = YES;
				CLANG_WARN_INT_CONVERSION = YES;
				CLANG_WARN_OBJC_ROOT_CLASS = YES_ERROR;
				CLANG_WARN_SUSPICIOUS_MOVES = YES;
				CLANG_WARN_UNREACHABLE_CODE = YES;
				CLANG_WARN__DUPLICATE_METHOD_MATCH = YES;
				"CODE_SIGN_IDENTITY[sdk=iphoneos*]" = "iPhone Developer";
				COPY_PHASE_STRIP = NO;
				DEBUG_INFORMATION_FORMAT = dwarf;
				ENABLE_STRICT_OBJC_MSGSEND = YES;
				ENABLE_TESTABILITY = YES;
				GCC_C_LANGUAGE_STANDARD = gnu99;
				GCC_DYNAMIC_NO_PIC = NO;
				GCC_NO_COMMON_BLOCKS = YES;
				GCC_OPTIMIZATION_LEVEL = 0;
				GCC_PREPROCESSOR_DEFINITIONS = (
					"DEBUG=1",
					"$(inherited)",
				);
				GCC_WARN_64_TO_32_BIT_CONVERSION = YES;
				GCC_WARN_ABOUT_RETURN_TYPE = YES_ERROR;
				GCC_WARN_UNDECLARED_SELECTOR = YES;
				GCC_WARN_UNINITIALIZED_AUTOS = YES_AGGRESSIVE;
				GCC_WARN_UNUSED_FUNCTION = YES;
				GCC_WARN_UNUSED_VARIABLE = YES;
				IPHONEOS_DEPLOYMENT_TARGET = 10.1;
				MTL_ENABLE_DEBUG_INFO = YES;
				ONLY_ACTIVE_ARCH = YES;
				SDKROOT = iphoneos;
				SWIFT_ACTIVE_COMPILATION_CONDITIONS = DEBUG;
				SWIFT_OPTIMIZATION_LEVEL = "-Onone";
				TARGETED_DEVICE_FAMILY = "1,2";
			};
			name = Debug;
		};
		30DAD8AB1DE5C3040068FF45 /* Release */ = {
			isa = XCBuildConfiguration;
			buildSettings = {
				ALWAYS_SEARCH_USER_PATHS = NO;
				CLANG_ANALYZER_NONNULL = YES;
				CLANG_CXX_LANGUAGE_STANDARD = "gnu++0x";
				CLANG_CXX_LIBRARY = "libc++";
				CLANG_ENABLE_MODULES = YES;
				CLANG_ENABLE_OBJC_ARC = YES;
				CLANG_WARN_BOOL_CONVERSION = YES;
				CLANG_WARN_CONSTANT_CONVERSION = YES;
				CLANG_WARN_DIRECT_OBJC_ISA_USAGE = YES_ERROR;
				CLANG_WARN_DOCUMENTATION_COMMENTS = YES;
				CLANG_WARN_EMPTY_BODY = YES;
				CLANG_WARN_ENUM_CONVERSION = YES;
				CLANG_WARN_INFINITE_RECURSION = YES;
				CLANG_WARN_INT_CONVERSION = YES;
				CLANG_WARN_OBJC_ROOT_CLASS = YES_ERROR;
				CLANG_WARN_SUSPICIOUS_MOVES = YES;
				CLANG_WARN_UNREACHABLE_CODE = YES;
				CLANG_WARN__DUPLICATE_METHOD_MATCH = YES;
				"CODE_SIGN_IDENTITY[sdk=iphoneos*]" = "iPhone Developer";
				COPY_PHASE_STRIP = NO;
				DEBUG_INFORMATION_FORMAT = "dwarf-with-dsym";
				ENABLE_NS_ASSERTIONS = NO;
				ENABLE_STRICT_OBJC_MSGSEND = YES;
				GCC_C_LANGUAGE_STANDARD = gnu99;
				GCC_NO_COMMON_BLOCKS = YES;
				GCC_WARN_64_TO_32_BIT_CONVERSION = YES;
				GCC_WARN_ABOUT_RETURN_TYPE = YES_ERROR;
				GCC_WARN_UNDECLARED_SELECTOR = YES;
				GCC_WARN_UNINITIALIZED_AUTOS = YES_AGGRESSIVE;
				GCC_WARN_UNUSED_FUNCTION = YES;
				GCC_WARN_UNUSED_VARIABLE = YES;
				IPHONEOS_DEPLOYMENT_TARGET = 10.1;
				MTL_ENABLE_DEBUG_INFO = NO;
				SDKROOT = iphoneos;
				SWIFT_OPTIMIZATION_LEVEL = "-Owholemodule";
				TARGETED_DEVICE_FAMILY = "1,2";
				VALIDATE_PRODUCT = YES;
			};
			name = Release;
		};
		30DAD8AD1DE5C3040068FF45 /* Debug */ = {
			isa = XCBuildConfiguration;
			buildSettings = {
				ASSETCATALOG_COMPILER_APPICON_NAME = AppIcon;
				DEVELOPMENT_TEAM = 4F3H93F24G;
				INFOPLIST_FILE = "Poke Memo/Info.plist";
				LD_RUNPATH_SEARCH_PATHS = "$(inherited) @executable_path/Frameworks";
				PRODUCT_BUNDLE_IDENTIFIER = "com.mm289.Poke-Memo";
				PRODUCT_NAME = "$(TARGET_NAME)";
				SWIFT_VERSION = 3.0;
				TARGETED_DEVICE_FAMILY = "1,2";
			};
			name = Debug;
		};
		30DAD8AE1DE5C3040068FF45 /* Release */ = {
			isa = XCBuildConfiguration;
			buildSettings = {
				ASSETCATALOG_COMPILER_APPICON_NAME = AppIcon;
				DEVELOPMENT_TEAM = 4F3H93F24G;
				INFOPLIST_FILE = "Poke Memo/Info.plist";
				LD_RUNPATH_SEARCH_PATHS = "$(inherited) @executable_path/Frameworks";
				PRODUCT_BUNDLE_IDENTIFIER = "com.mm289.Poke-Memo";
				PRODUCT_NAME = "$(TARGET_NAME)";
				SWIFT_VERSION = 3.0;
				TARGETED_DEVICE_FAMILY = "1,2";
			};
			name = Release;
		};
		30DAD8B01DE5C3040068FF45 /* Debug */ = {
			isa = XCBuildConfiguration;
			buildSettings = {
				ALWAYS_EMBED_SWIFT_STANDARD_LIBRARIES = YES;
				BUNDLE_LOADER = "$(TEST_HOST)";
				DEVELOPMENT_TEAM = 4F3H93F24G;
				INFOPLIST_FILE = "Poke MemoTests/Info.plist";
				LD_RUNPATH_SEARCH_PATHS = "$(inherited) @executable_path/Frameworks @loader_path/Frameworks";
				PRODUCT_BUNDLE_IDENTIFIER = "com.mm289.Poke-MemoTests";
				PRODUCT_NAME = "$(TARGET_NAME)";
				SWIFT_VERSION = 3.0;
				TEST_HOST = "$(BUILT_PRODUCTS_DIR)/Poke Memo.app/Poke Memo";
			};
			name = Debug;
		};
		30DAD8B11DE5C3040068FF45 /* Release */ = {
			isa = XCBuildConfiguration;
			buildSettings = {
				ALWAYS_EMBED_SWIFT_STANDARD_LIBRARIES = YES;
				BUNDLE_LOADER = "$(TEST_HOST)";
				DEVELOPMENT_TEAM = 4F3H93F24G;
				INFOPLIST_FILE = "Poke MemoTests/Info.plist";
				LD_RUNPATH_SEARCH_PATHS = "$(inherited) @executable_path/Frameworks @loader_path/Frameworks";
				PRODUCT_BUNDLE_IDENTIFIER = "com.mm289.Poke-MemoTests";
				PRODUCT_NAME = "$(TARGET_NAME)";
				SWIFT_VERSION = 3.0;
				TEST_HOST = "$(BUILT_PRODUCTS_DIR)/Poke Memo.app/Poke Memo";
			};
			name = Release;
		};
		30DAD8B31DE5C3040068FF45 /* Debug */ = {
			isa = XCBuildConfiguration;
			buildSettings = {
				ALWAYS_EMBED_SWIFT_STANDARD_LIBRARIES = YES;
				DEVELOPMENT_TEAM = 4F3H93F24G;
				INFOPLIST_FILE = "Poke MemoUITests/Info.plist";
				LD_RUNPATH_SEARCH_PATHS = "$(inherited) @executable_path/Frameworks @loader_path/Frameworks";
				PRODUCT_BUNDLE_IDENTIFIER = "com.mm289.Poke-MemoUITests";
				PRODUCT_NAME = "$(TARGET_NAME)";
				SWIFT_VERSION = 3.0;
				TEST_TARGET_NAME = "Poke Memo";
			};
			name = Debug;
		};
		30DAD8B41DE5C3040068FF45 /* Release */ = {
			isa = XCBuildConfiguration;
			buildSettings = {
				ALWAYS_EMBED_SWIFT_STANDARD_LIBRARIES = YES;
				DEVELOPMENT_TEAM = 4F3H93F24G;
				INFOPLIST_FILE = "Poke MemoUITests/Info.plist";
				LD_RUNPATH_SEARCH_PATHS = "$(inherited) @executable_path/Frameworks @loader_path/Frameworks";
				PRODUCT_BUNDLE_IDENTIFIER = "com.mm289.Poke-MemoUITests";
				PRODUCT_NAME = "$(TARGET_NAME)";
				SWIFT_VERSION = 3.0;
				TEST_TARGET_NAME = "Poke Memo";
			};
			name = Release;
		};
/* End XCBuildConfiguration section */

/* Begin XCConfigurationList section */
		30DAD87F1DE5C3040068FF45 /* Build configuration list for PBXProject "Poke Memo" */ = {
			isa = XCConfigurationList;
			buildConfigurations = (
				30DAD8AA1DE5C3040068FF45 /* Debug */,
				30DAD8AB1DE5C3040068FF45 /* Release */,
			);
			defaultConfigurationIsVisible = 0;
			defaultConfigurationName = Release;
		};
		30DAD8AC1DE5C3040068FF45 /* Build configuration list for PBXNativeTarget "Poke Memo" */ = {
			isa = XCConfigurationList;
			buildConfigurations = (
				30DAD8AD1DE5C3040068FF45 /* Debug */,
				30DAD8AE1DE5C3040068FF45 /* Release */,
			);
			defaultConfigurationIsVisible = 0;
			defaultConfigurationName = Release;
		};
		30DAD8AF1DE5C3040068FF45 /* Build configuration list for PBXNativeTarget "Poke MemoTests" */ = {
			isa = XCConfigurationList;
			buildConfigurations = (
				30DAD8B01DE5C3040068FF45 /* Debug */,
				30DAD8B11DE5C3040068FF45 /* Release */,
			);
			defaultConfigurationIsVisible = 0;
			defaultConfigurationName = Release;
		};
		30DAD8B21DE5C3040068FF45 /* Build configuration list for PBXNativeTarget "Poke MemoUITests" */ = {
			isa = XCConfigurationList;
			buildConfigurations = (
				30DAD8B31DE5C3040068FF45 /* Debug */,
				30DAD8B41DE5C3040068FF45 /* Release */,
			);
			defaultConfigurationIsVisible = 0;
			defaultConfigurationName = Release;
		};
/* End XCConfigurationList section */
	};
	rootObject = 30DAD87C1DE5C3040068FF45 /* Project object */;
}
