// !$*UTF8*$!
{
	archiveVersion = 1;
	classes = {
	};
	objectVersion = 46;
	objects = {

/* Begin PBXBuildFile section */
		301AD36B1E1E55A2004B1858 /* redo.png in Resources */ = {isa = PBXBuildFile; fileRef = 301AD36A1E1E55A2004B1858 /* redo.png */; };
		301AD3751E1F7296004B1858 /* index.png in Resources */ = {isa = PBXBuildFile; fileRef = 301AD3741E1F7296004B1858 /* index.png */; };
		301B5D2F1E8F7AC3005B1B99 /* editPanel.png in Resources */ = {isa = PBXBuildFile; fileRef = 301B5D2E1E8F7AC3005B1B99 /* editPanel.png */; };
		301B5D361E8F7AED005B1B99 /* m3x2end.png in Resources */ = {isa = PBXBuildFile; fileRef = 301B5D301E8F7AED005B1B99 /* m3x2end.png */; };
		301B5D371E8F7AED005B1B99 /* m3x2clr.png in Resources */ = {isa = PBXBuildFile; fileRef = 301B5D311E8F7AED005B1B99 /* m3x2clr.png */; };
		301B5D381E8F7AED005B1B99 /* m3x2del.png in Resources */ = {isa = PBXBuildFile; fileRef = 301B5D321E8F7AED005B1B99 /* m3x2del.png */; };
		301B5D391E8F7AED005B1B99 /* m3x2ins.png in Resources */ = {isa = PBXBuildFile; fileRef = 301B5D331E8F7AED005B1B99 /* m3x2ins.png */; };
		301B5D3A1E8F7AED005B1B99 /* m3x2ovw.png in Resources */ = {isa = PBXBuildFile; fileRef = 301B5D341E8F7AED005B1B99 /* m3x2ovw.png */; };
		301B5D3B1E8F7AED005B1B99 /* m3x2top.png in Resources */ = {isa = PBXBuildFile; fileRef = 301B5D351E8F7AED005B1B99 /* m3x2top.png */; };
		301B5D3E1E8F7B05005B1B99 /* editSample.png in Resources */ = {isa = PBXBuildFile; fileRef = 301B5D3C1E8F7B05005B1B99 /* editSample.png */; };
		301B5D3F1E8F7B05005B1B99 /* m3x2cur.png in Resources */ = {isa = PBXBuildFile; fileRef = 301B5D3D1E8F7B05005B1B99 /* m3x2cur.png */; };
		301B5D441E8F7B27005B1B99 /* clrON.png in Resources */ = {isa = PBXBuildFile; fileRef = 301B5D401E8F7B27005B1B99 /* clrON.png */; };
		301B5D451E8F7B27005B1B99 /* delON.png in Resources */ = {isa = PBXBuildFile; fileRef = 301B5D411E8F7B27005B1B99 /* delON.png */; };
		301B5D461E8F7B27005B1B99 /* insON.png in Resources */ = {isa = PBXBuildFile; fileRef = 301B5D421E8F7B27005B1B99 /* insON.png */; };
		301B5D471E8F7B27005B1B99 /* ovwON.png in Resources */ = {isa = PBXBuildFile; fileRef = 301B5D431E8F7B27005B1B99 /* ovwON.png */; };
		301B5D581E8F7B85005B1B99 /* edit16.png in Resources */ = {isa = PBXBuildFile; fileRef = 301B5D481E8F7B85005B1B99 /* edit16.png */; };
		301B5D591E8F7B85005B1B99 /* edit17.png in Resources */ = {isa = PBXBuildFile; fileRef = 301B5D491E8F7B85005B1B99 /* edit17.png */; };
		301B5D5A1E8F7B85005B1B99 /* edit14.png in Resources */ = {isa = PBXBuildFile; fileRef = 301B5D4A1E8F7B85005B1B99 /* edit14.png */; };
		301B5D5B1E8F7B85005B1B99 /* edit11.png in Resources */ = {isa = PBXBuildFile; fileRef = 301B5D4B1E8F7B85005B1B99 /* edit11.png */; };
		301B5D5C1E8F7B85005B1B99 /* edit10.png in Resources */ = {isa = PBXBuildFile; fileRef = 301B5D4C1E8F7B85005B1B99 /* edit10.png */; };
		301B5D5D1E8F7B85005B1B99 /* edit09.png in Resources */ = {isa = PBXBuildFile; fileRef = 301B5D4D1E8F7B85005B1B99 /* edit09.png */; };
		301B5D5E1E8F7B85005B1B99 /* edit02.png in Resources */ = {isa = PBXBuildFile; fileRef = 301B5D4E1E8F7B85005B1B99 /* edit02.png */; };
		301B5D5F1E8F7B85005B1B99 /* edit01.png in Resources */ = {isa = PBXBuildFile; fileRef = 301B5D4F1E8F7B85005B1B99 /* edit01.png */; };
		301B5D601E8F7B85005B1B99 /* edit13.png in Resources */ = {isa = PBXBuildFile; fileRef = 301B5D501E8F7B85005B1B99 /* edit13.png */; };
		301B5D611E8F7B85005B1B99 /* edit12.png in Resources */ = {isa = PBXBuildFile; fileRef = 301B5D511E8F7B85005B1B99 /* edit12.png */; };
		301B5D621E8F7B85005B1B99 /* edit08.png in Resources */ = {isa = PBXBuildFile; fileRef = 301B5D521E8F7B85005B1B99 /* edit08.png */; };
		301B5D631E8F7B85005B1B99 /* edit07.png in Resources */ = {isa = PBXBuildFile; fileRef = 301B5D531E8F7B85005B1B99 /* edit07.png */; };
		301B5D641E8F7B85005B1B99 /* edit06.png in Resources */ = {isa = PBXBuildFile; fileRef = 301B5D541E8F7B85005B1B99 /* edit06.png */; };
		301B5D651E8F7B85005B1B99 /* edit05.png in Resources */ = {isa = PBXBuildFile; fileRef = 301B5D551E8F7B85005B1B99 /* edit05.png */; };
		301B5D661E8F7B85005B1B99 /* edit04.png in Resources */ = {isa = PBXBuildFile; fileRef = 301B5D561E8F7B85005B1B99 /* edit04.png */; };
		301B5D671E8F7B85005B1B99 /* edit03.png in Resources */ = {isa = PBXBuildFile; fileRef = 301B5D571E8F7B85005B1B99 /* edit03.png */; };
		301B5D721E8F7BC5005B1B99 /* undo06.png in Resources */ = {isa = PBXBuildFile; fileRef = 301B5D681E8F7BC4005B1B99 /* undo06.png */; };
		301B5D731E8F7BC5005B1B99 /* undo05.png in Resources */ = {isa = PBXBuildFile; fileRef = 301B5D691E8F7BC5005B1B99 /* undo05.png */; };
		301B5D741E8F7BC5005B1B99 /* undo04.png in Resources */ = {isa = PBXBuildFile; fileRef = 301B5D6A1E8F7BC5005B1B99 /* undo04.png */; };
		301B5D751E8F7BC5005B1B99 /* undo03.png in Resources */ = {isa = PBXBuildFile; fileRef = 301B5D6B1E8F7BC5005B1B99 /* undo03.png */; };
		301B5D761E8F7BC5005B1B99 /* edit19.png in Resources */ = {isa = PBXBuildFile; fileRef = 301B5D6C1E8F7BC5005B1B99 /* edit19.png */; };
		301B5D771E8F7BC5005B1B99 /* undo02.png in Resources */ = {isa = PBXBuildFile; fileRef = 301B5D6D1E8F7BC5005B1B99 /* undo02.png */; };
		301B5D781E8F7BC5005B1B99 /* undo01.png in Resources */ = {isa = PBXBuildFile; fileRef = 301B5D6E1E8F7BC5005B1B99 /* undo01.png */; };
		301B5D791E8F7BC5005B1B99 /* edit18.png in Resources */ = {isa = PBXBuildFile; fileRef = 301B5D6F1E8F7BC5005B1B99 /* edit18.png */; };
		301B5D7A1E8F7BC5005B1B99 /* edit15.png in Resources */ = {isa = PBXBuildFile; fileRef = 301B5D701E8F7BC5005B1B99 /* edit15.png */; };
		301B5D7B1E8F7BC5005B1B99 /* undo_ico.png in Resources */ = {isa = PBXBuildFile; fileRef = 301B5D711E8F7BC5005B1B99 /* undo_ico.png */; };
		30281EDB212D536D0009A7F4 /* gpen02.pdf in Resources */ = {isa = PBXBuildFile; fileRef = 30281EDA212D536D0009A7F4 /* gpen02.pdf */; };
		303238211E90A8E000E443A4 /* 3Up.png in Resources */ = {isa = PBXBuildFile; fileRef = 303238201E90A8E000E443A4 /* 3Up.png */; };
		3034940D212ABAA5003F673E /* GpenM.pdf in Resources */ = {isa = PBXBuildFile; fileRef = 3034940C212ABAA5003F673E /* GpenM.pdf */; };
		3034940F212ABAB7003F673E /* GpenT.pdf in Resources */ = {isa = PBXBuildFile; fileRef = 3034940E212ABAB7003F673E /* GpenT.pdf */; };
		30349411212ABAC1003F673E /* GpenW.pdf in Resources */ = {isa = PBXBuildFile; fileRef = 30349410212ABAC1003F673E /* GpenW.pdf */; };
		30349413212AD7B0003F673E /* gpen00.pdf in Resources */ = {isa = PBXBuildFile; fileRef = 30349412212AD7AF003F673E /* gpen00.pdf */; };
		30349415212AD7BB003F673E /* gpen01.pdf in Resources */ = {isa = PBXBuildFile; fileRef = 30349414212AD7BB003F673E /* gpen01.pdf */; };
		3035AB791E928AE000D9D899 /* ind_ico2.png in Resources */ = {isa = PBXBuildFile; fileRef = 3035AB781E928AE000D9D899 /* ind_ico2.png */; };
		303A12C21EA397CD003AB4A7 /* guide.png in Resources */ = {isa = PBXBuildFile; fileRef = 303A12C11EA397CD003AB4A7 /* guide.png */; };
		303A12CA1EA3A632003AB4A7 /* appA5.png in Resources */ = {isa = PBXBuildFile; fileRef = 303A12C91EA3A632003AB4A7 /* appA5.png */; };
		303B2D1D1E7416F200E298DA /* editPanel01.png in Resources */ = {isa = PBXBuildFile; fileRef = 303B2D1C1E7416F200E298DA /* editPanel01.png */; };
		303C930A1E51ADEF00E465AB /* INS2.png in Resources */ = {isa = PBXBuildFile; fileRef = 303C93081E51ADEF00E465AB /* INS2.png */; };
		303C930B1E51ADEF00E465AB /* OVW2.png in Resources */ = {isa = PBXBuildFile; fileRef = 303C93091E51ADEF00E465AB /* OVW2.png */; };
		303C930E1E51AE1900E465AB /* CLR2.png in Resources */ = {isa = PBXBuildFile; fileRef = 303C930C1E51AE1900E465AB /* CLR2.png */; };
		303C930F1E51AE1900E465AB /* DEL2.png in Resources */ = {isa = PBXBuildFile; fileRef = 303C930D1E51AE1900E465AB /* DEL2.png */; };
		303C93121E51B2DE00E465AB /* 2Left.png in Resources */ = {isa = PBXBuildFile; fileRef = 303C93101E51B2DE00E465AB /* 2Left.png */; };
		303C93131E51B2DE00E465AB /* 2Right.png in Resources */ = {isa = PBXBuildFile; fileRef = 303C93111E51B2DE00E465AB /* 2Right.png */; };
		303C93161E51D08B00E465AB /* green2.png in Resources */ = {isa = PBXBuildFile; fileRef = 303C93141E51D08B00E465AB /* green2.png */; };
		30403F3E1E3DF833004120EB /* zoom@2x.png in Resources */ = {isa = PBXBuildFile; fileRef = 30403F3D1E3DF833004120EB /* zoom@2x.png */; };
		30403F401E3DFDD7004120EB /* ok@2x.png in Resources */ = {isa = PBXBuildFile; fileRef = 30403F3F1E3DFDD7004120EB /* ok@2x.png */; };
		30419DEF1DFFC58D00D22C8A /* Canvas.swift in Sources */ = {isa = PBXBuildFile; fileRef = 30419DEE1DFFC58D00D22C8A /* Canvas.swift */; };
		304373381EAA41BB00114FED /* haiku.png in Resources */ = {isa = PBXBuildFile; fileRef = 304373371EAA41BB00114FED /* haiku.png */; };
		30451EA31E9369F9009B559A /* m71E.png in Resources */ = {isa = PBXBuildFile; fileRef = 30451EA11E9369F9009B559A /* m71E.png */; };
		30451EA41E9369F9009B559A /* m5x1E.png in Resources */ = {isa = PBXBuildFile; fileRef = 30451EA21E9369F9009B559A /* m5x1E.png */; };
		30451EA91E936A0F009B559A /* m2x1E.png in Resources */ = {isa = PBXBuildFile; fileRef = 30451EA61E936A0F009B559A /* m2x1E.png */; };
		30451EAA1E936A0F009B559A /* m1bE.png in Resources */ = {isa = PBXBuildFile; fileRef = 30451EA71E936A0F009B559A /* m1bE.png */; };
		304800531E81284400B0F441 /* col3_ico.png in Resources */ = {isa = PBXBuildFile; fileRef = 304800501E81284400B0F441 /* col3_ico.png */; };
		304800541E81284400B0F441 /* col2_ico.png in Resources */ = {isa = PBXBuildFile; fileRef = 304800511E81284400B0F441 /* col2_ico.png */; };
		304800551E81284400B0F441 /* col1_ico.png in Resources */ = {isa = PBXBuildFile; fileRef = 304800521E81284400B0F441 /* col1_ico.png */; };
		3048005B1E81292500B0F441 /* 3_ico.png in Resources */ = {isa = PBXBuildFile; fileRef = 304800561E81292500B0F441 /* 3_ico.png */; };
		3048005C1E81292500B0F441 /* w_ico.png in Resources */ = {isa = PBXBuildFile; fileRef = 304800571E81292500B0F441 /* w_ico.png */; };
		3048005D1E81292500B0F441 /* ind_ico.png in Resources */ = {isa = PBXBuildFile; fileRef = 304800581E81292500B0F441 /* ind_ico.png */; };
		3048005E1E81292500B0F441 /* men_ico.png in Resources */ = {isa = PBXBuildFile; fileRef = 304800591E81292500B0F441 /* men_ico.png */; };
		3048005F1E81292500B0F441 /* pal_ico.png in Resources */ = {isa = PBXBuildFile; fileRef = 3048005A1E81292500B0F441 /* pal_ico.png */; };
		304800631E814EB300B0F441 /* pen.png in Resources */ = {isa = PBXBuildFile; fileRef = 304800621E814EB300B0F441 /* pen.png */; };
		304E6A7C1E7C09F8004E27A6 /* m6x3.png in Resources */ = {isa = PBXBuildFile; fileRef = 304E6A7A1E7C09F8004E27A6 /* m6x3.png */; };
		304E6A7D1E7C09F8004E27A6 /* m6x4.png in Resources */ = {isa = PBXBuildFile; fileRef = 304E6A7B1E7C09F8004E27A6 /* m6x4.png */; };
		304E6A7F1E7C0A87004E27A6 /* m6x2.png in Resources */ = {isa = PBXBuildFile; fileRef = 304E6A7E1E7C0A87004E27A6 /* m6x2.png */; };
		3053D3121E968B52009B89EE /* m4i1E.png in Resources */ = {isa = PBXBuildFile; fileRef = 3053D3111E968B52009B89EE /* m4i1E.png */; };
		3053D3141E968C54009B89EE /* m4xp13E.png in Resources */ = {isa = PBXBuildFile; fileRef = 3053D3131E968C54009B89EE /* m4xp13E.png */; };
		3053D3161E968C8A009B89EE /* delAllE.png in Resources */ = {isa = PBXBuildFile; fileRef = 3053D3151E968C8A009B89EE /* delAllE.png */; };
		3053D3181E968C95009B89EE /* delAll2E.png in Resources */ = {isa = PBXBuildFile; fileRef = 3053D3171E968C95009B89EE /* delAll2E.png */; };
		3053D31A1E968CB8009B89EE /* jpegE.png in Resources */ = {isa = PBXBuildFile; fileRef = 3053D3191E968CB8009B89EE /* jpegE.png */; };
		3053D31C1E968D29009B89EE /* lasticon.png in Resources */ = {isa = PBXBuildFile; fileRef = 3053D31B1E968D29009B89EE /* lasticon.png */; };
		30584FD61E97641000691BFA /* art3b.png in Resources */ = {isa = PBXBuildFile; fileRef = 30584FD51E97641000691BFA /* art3b.png */; };
		30584FD81E97D07500691BFA /* white2.png in Resources */ = {isa = PBXBuildFile; fileRef = 30584FD71E97D07500691BFA /* white2.png */; };
		30584FE41E97D6D800691BFA /* white.png in Resources */ = {isa = PBXBuildFile; fileRef = 30584FE31E97D6D800691BFA /* white.png */; };
		30633B641E8566CF0052619E /* big.png in Resources */ = {isa = PBXBuildFile; fileRef = 30633B621E8566CF0052619E /* big.png */; };
		30633B651E8566CF0052619E /* big_ico.png in Resources */ = {isa = PBXBuildFile; fileRef = 30633B631E8566CF0052619E /* big_ico.png */; };
		306671EE1E4F246C00A9CFAC /* red.png in Resources */ = {isa = PBXBuildFile; fileRef = 306671ED1E4F246C00A9CFAC /* red.png */; };
		306671F01E4F26CE00A9CFAC /* black2.png in Resources */ = {isa = PBXBuildFile; fileRef = 306671EF1E4F26CE00A9CFAC /* black2.png */; };
		306671F81E4F324A00A9CFAC /* pen20.png in Resources */ = {isa = PBXBuildFile; fileRef = 306671F71E4F324A00A9CFAC /* pen20.png */; };
		306672091E4F495700A9CFAC /* redUp.png in Resources */ = {isa = PBXBuildFile; fileRef = 306672071E4F495700A9CFAC /* redUp.png */; };
		3066720A1E4F495700A9CFAC /* greenDown.png in Resources */ = {isa = PBXBuildFile; fileRef = 306672081E4F495700A9CFAC /* greenDown.png */; };
		3067381F1E7A896400679C20 /* open.png in Resources */ = {isa = PBXBuildFile; fileRef = 3067381B1E7A896400679C20 /* open.png */; };
		306738201E7A896400679C20 /* selindex.png in Resources */ = {isa = PBXBuildFile; fileRef = 3067381C1E7A896400679C20 /* selindex.png */; };
		306738211E7A896400679C20 /* swipeL.png in Resources */ = {isa = PBXBuildFile; fileRef = 3067381D1E7A896400679C20 /* swipeL.png */; };
		306738221E7A896400679C20 /* swipeR.png in Resources */ = {isa = PBXBuildFile; fileRef = 3067381E1E7A896400679C20 /* swipeR.png */; };
		30750B6C1E8546F000809D15 /* ges2.png in Resources */ = {isa = PBXBuildFile; fileRef = 30750B681E8546F000809D15 /* ges2.png */; };
		30750B6D1E8546F000809D15 /* ges1.png in Resources */ = {isa = PBXBuildFile; fileRef = 30750B691E8546F000809D15 /* ges1.png */; };
		30750B6E1E8546F000809D15 /* openP.png in Resources */ = {isa = PBXBuildFile; fileRef = 30750B6A1E8546F000809D15 /* openP.png */; };
		30750B6F1E8546F000809D15 /* closeP.png in Resources */ = {isa = PBXBuildFile; fileRef = 30750B6B1E8546F000809D15 /* closeP.png */; };
		30750B761E85474700809D15 /* ges7.png in Resources */ = {isa = PBXBuildFile; fileRef = 30750B701E85474700809D15 /* ges7.png */; };
		30750B771E85474700809D15 /* ges5.png in Resources */ = {isa = PBXBuildFile; fileRef = 30750B711E85474700809D15 /* ges5.png */; };
		30750B781E85474700809D15 /* gesA2.png in Resources */ = {isa = PBXBuildFile; fileRef = 30750B721E85474700809D15 /* gesA2.png */; };
		30750B791E85474700809D15 /* gesA1.png in Resources */ = {isa = PBXBuildFile; fileRef = 30750B731E85474700809D15 /* gesA1.png */; };
		30750B7A1E85474700809D15 /* gesI02.png in Resources */ = {isa = PBXBuildFile; fileRef = 30750B741E85474700809D15 /* gesI02.png */; };
		30750B7B1E85474700809D15 /* gesI01.png in Resources */ = {isa = PBXBuildFile; fileRef = 30750B751E85474700809D15 /* gesI01.png */; };
		30750B7E1E85475600809D15 /* ges4z.png in Resources */ = {isa = PBXBuildFile; fileRef = 30750B7C1E85475600809D15 /* ges4z.png */; };
		30750B7F1E85475600809D15 /* ges6.png in Resources */ = {isa = PBXBuildFile; fileRef = 30750B7D1E85475600809D15 /* ges6.png */; };
		30750B831E8554AF00809D15 /* m2x3.png in Resources */ = {isa = PBXBuildFile; fileRef = 30750B821E8554AF00809D15 /* m2x3.png */; };
		30750B851E85559600809D15 /* m2x4.png in Resources */ = {isa = PBXBuildFile; fileRef = 30750B841E85559600809D15 /* m2x4.png */; };
		30750B881E85562300809D15 /* m4xp05.png in Resources */ = {isa = PBXBuildFile; fileRef = 30750B861E85562300809D15 /* m4xp05.png */; };
		30750B891E85562300809D15 /* m4xp06.png in Resources */ = {isa = PBXBuildFile; fileRef = 30750B871E85562300809D15 /* m4xp06.png */; };
		307542A81E516DA900A82B1C /* red3.png in Resources */ = {isa = PBXBuildFile; fileRef = 307542A71E516DA900A82B1C /* red3.png */; };
		307542AA1E516DC900A82B1C /* green3.png in Resources */ = {isa = PBXBuildFile; fileRef = 307542A91E516DC900A82B1C /* green3.png */; };
		30792ED21E839C0B0069F903 /* m4i1.png in Resources */ = {isa = PBXBuildFile; fileRef = 30792ED11E839C0B0069F903 /* m4i1.png */; };
		30792ED41E839C950069F903 /* 3red.png in Resources */ = {isa = PBXBuildFile; fileRef = 30792ED31E839C950069F903 /* 3red.png */; };
		30792ED61E83F0850069F903 /* ovwx.png in Resources */ = {isa = PBXBuildFile; fileRef = 30792ED51E83F0850069F903 /* ovwx.png */; };
		307EA72A20D011100087B044 /* indexEn.html in Resources */ = {isa = PBXBuildFile; fileRef = 307EA72920D011100087B044 /* indexEn.html */; };
		307EA72C20D011270087B044 /* indexJa.html in Resources */ = {isa = PBXBuildFile; fileRef = 307EA72B20D011270087B044 /* indexJa.html */; };
		307EA73220D011CD0087B044 /* childEng.png in Resources */ = {isa = PBXBuildFile; fileRef = 307EA72D20D011CC0087B044 /* childEng.png */; };
		307EA73320D011CD0087B044 /* childJPN.png in Resources */ = {isa = PBXBuildFile; fileRef = 307EA72E20D011CC0087B044 /* childJPN.png */; };
		307EA73420D011CD0087B044 /* penchange.png in Resources */ = {isa = PBXBuildFile; fileRef = 307EA72F20D011CC0087B044 /* penchange.png */; };
		307EA73520D011CD0087B044 /* childEng2.png in Resources */ = {isa = PBXBuildFile; fileRef = 307EA73020D011CC0087B044 /* childEng2.png */; };
		307EA73620D011CD0087B044 /* childJPN2.png in Resources */ = {isa = PBXBuildFile; fileRef = 307EA73120D011CD0087B044 /* childJPN2.png */; };
		308574BF1E79399F009F544E /* hello.png in Resources */ = {isa = PBXBuildFile; fileRef = 308574BE1E79399F009F544E /* hello.png */; };
		308BDDDE1E3CDA13006F1504 /* blankX.png in Resources */ = {isa = PBXBuildFile; fileRef = 308BDDDD1E3CDA13006F1504 /* blankX.png */; };
		308ECC1C1E82AAFC00576BA8 /* cursol.png in Resources */ = {isa = PBXBuildFile; fileRef = 308ECC1B1E82AAFC00576BA8 /* cursol.png */; };
		308ECC271E82AB7200576BA8 /* photos.png in Resources */ = {isa = PBXBuildFile; fileRef = 308ECC1F1E82AB7200576BA8 /* photos.png */; };
		308ECC281E82AB7200576BA8 /* jpeg.png in Resources */ = {isa = PBXBuildFile; fileRef = 308ECC201E82AB7200576BA8 /* jpeg.png */; };
		308ECC291E82AB7200576BA8 /* delAll2.png in Resources */ = {isa = PBXBuildFile; fileRef = 308ECC211E82AB7200576BA8 /* delAll2.png */; };
		308ECC2A1E82AB7200576BA8 /* delAll.png in Resources */ = {isa = PBXBuildFile; fileRef = 308ECC221E82AB7200576BA8 /* delAll.png */; };
		308ECC2B1E82AB7200576BA8 /* date.png in Resources */ = {isa = PBXBuildFile; fileRef = 308ECC231E82AB7200576BA8 /* date.png */; };
		308ECC2C1E82AB7200576BA8 /* clrx.png in Resources */ = {isa = PBXBuildFile; fileRef = 308ECC241E82AB7200576BA8 /* clrx.png */; };
		308ECC2D1E82AB7200576BA8 /* editOk.png in Resources */ = {isa = PBXBuildFile; fileRef = 308ECC251E82AB7200576BA8 /* editOk.png */; };
		308ECC2E1E82AB7200576BA8 /* edits.png in Resources */ = {isa = PBXBuildFile; fileRef = 308ECC261E82AB7200576BA8 /* edits.png */; };
		308ECC301E82AD0900576BA8 /* all.png in Resources */ = {isa = PBXBuildFile; fileRef = 308ECC2F1E82AD0900576BA8 /* all.png */; };
		308ECC341E82AFF600576BA8 /* delx.png in Resources */ = {isa = PBXBuildFile; fileRef = 308ECC311E82AFF600576BA8 /* delx.png */; };
		308ECC351E82AFF600576BA8 /* insx.png in Resources */ = {isa = PBXBuildFile; fileRef = 308ECC321E82AFF600576BA8 /* insx.png */; };
		3099BC9D1E6F08B6004C11C0 /* happy_icon3z.png in Resources */ = {isa = PBXBuildFile; fileRef = 3099BC9C1E6F08B6004C11C0 /* happy_icon3z.png */; };
		30A1A5331E810A9700938BCA /* m4xp07.png in Resources */ = {isa = PBXBuildFile; fileRef = 30A1A52E1E810A9700938BCA /* m4xp07.png */; };
		30A1A5341E810A9700938BCA /* m4xp08.png in Resources */ = {isa = PBXBuildFile; fileRef = 30A1A52F1E810A9700938BCA /* m4xp08.png */; };
		30A1A5351E810A9700938BCA /* m4xp09.png in Resources */ = {isa = PBXBuildFile; fileRef = 30A1A5301E810A9700938BCA /* m4xp09.png */; };
		30A1A5361E810A9700938BCA /* m4xp10.png in Resources */ = {isa = PBXBuildFile; fileRef = 30A1A5311E810A9700938BCA /* m4xp10.png */; };
		30A1A5371E810A9700938BCA /* m4xp11.png in Resources */ = {isa = PBXBuildFile; fileRef = 30A1A5321E810A9700938BCA /* m4xp11.png */; };
		30A1A53A1E810AAC00938BCA /* m4xp13.png in Resources */ = {isa = PBXBuildFile; fileRef = 30A1A5381E810AAC00938BCA /* m4xp13.png */; };
		30A1A53B1E810AAC00938BCA /* m4xp14.png in Resources */ = {isa = PBXBuildFile; fileRef = 30A1A5391E810AAC00938BCA /* m4xp14.png */; };
		30A405581E9BCD3A000759C1 /* undo03E.png in Resources */ = {isa = PBXBuildFile; fileRef = 30A405571E9BCD3A000759C1 /* undo03E.png */; };
		30A96DD21E93E2C0002361C0 /* m4xp14E.png in Resources */ = {isa = PBXBuildFile; fileRef = 30A96DD01E93E2C0002361C0 /* m4xp14E.png */; };
		30BE70A81E14009D00B9F52E /* 2lines.png in Resources */ = {isa = PBXBuildFile; fileRef = 30BE70A71E14009D00B9F52E /* 2lines.png */; };
		30BE70B61E14BF3A00B9F52E /* green3a.png in Resources */ = {isa = PBXBuildFile; fileRef = 30BE70B51E14BF3A00B9F52E /* green3a.png */; };
		30BE96C41E7D6A890018412E /* m4xp03.png in Resources */ = {isa = PBXBuildFile; fileRef = 30BE96BE1E7D6A890018412E /* m4xp03.png */; };
		30BE96C51E7D6A890018412E /* m4xp02.png in Resources */ = {isa = PBXBuildFile; fileRef = 30BE96BF1E7D6A890018412E /* m4xp02.png */; };
		30BE96C61E7D6A890018412E /* m4xp01.png in Resources */ = {isa = PBXBuildFile; fileRef = 30BE96C01E7D6A890018412E /* m4xp01.png */; };
		30BE96C81E7D6CD50018412E /* editPanel02.png in Resources */ = {isa = PBXBuildFile; fileRef = 30BE96C71E7D6CD50018412E /* editPanel02.png */; };
		30C2B1811DEB1DFF0069A5DF /* TouchScroll.swift in Sources */ = {isa = PBXBuildFile; fileRef = 30C2B1801DEB1DFF0069A5DF /* TouchScroll.swift */; };
		30C2B1831DEB1E310069A5DF /* Memo.swift in Sources */ = {isa = PBXBuildFile; fileRef = 30C2B1821DEB1E310069A5DF /* Memo.swift */; };
		30C2B1921DEB259D0069A5DF /* blankP.png in Resources */ = {isa = PBXBuildFile; fileRef = 30C2B1871DEB259D0069A5DF /* blankP.png */; };
		30C2B1931DEB259D0069A5DF /* blankW.png in Resources */ = {isa = PBXBuildFile; fileRef = 30C2B1881DEB259D0069A5DF /* blankW.png */; };
		30C2B1941DEB259D0069A5DF /* blank.png in Resources */ = {isa = PBXBuildFile; fileRef = 30C2B1891DEB259D0069A5DF /* blank.png */; };
		30C2B1951DEB259D0069A5DF /* blankA.png in Resources */ = {isa = PBXBuildFile; fileRef = 30C2B18A1DEB259D0069A5DF /* blankA.png */; };
		30C2B1991DEB259D0069A5DF /* selected.png in Resources */ = {isa = PBXBuildFile; fileRef = 30C2B18E1DEB259D0069A5DF /* selected.png */; };
		30C2B19A1DEB259D0069A5DF /* unSelect.png in Resources */ = {isa = PBXBuildFile; fileRef = 30C2B18F1DEB259D0069A5DF /* unSelect.png */; };
		30C8EE051E4F6DB500192B06 /* pen21.png in Resources */ = {isa = PBXBuildFile; fileRef = 30C8EE041E4F6DB500192B06 /* pen21.png */; };
		30C8EE091E4F6F6500192B06 /* blue.png in Resources */ = {isa = PBXBuildFile; fileRef = 30C8EE081E4F6F6500192B06 /* blue.png */; };
		30C9E22D1E75653C009D3E6B /* m1x.png in Resources */ = {isa = PBXBuildFile; fileRef = 30C9E22C1E75653C009D3E6B /* m1x.png */; };
		30CAD074209987F60038D47F /* appIcon1024.png in Resources */ = {isa = PBXBuildFile; fileRef = 30CAD073209987F60038D47F /* appIcon1024.png */; };
		30CBD5CF212690B6000E31AC /* 2Left2.png in Resources */ = {isa = PBXBuildFile; fileRef = 30CBD5CE212690B6000E31AC /* 2Left2.png */; };
		30CBD5D1212690D7000E31AC /* 2Right2.png in Resources */ = {isa = PBXBuildFile; fileRef = 30CBD5D0212690D7000E31AC /* 2Right2.png */; };
		30D196141E54227A003C5AAC /* Help.swift in Sources */ = {isa = PBXBuildFile; fileRef = 30D196131E54227A003C5AAC /* Help.swift */; };
		30D72AAD1E77F08700B8C48F /* m6x1.png in Resources */ = {isa = PBXBuildFile; fileRef = 30D72AA81E77F08700B8C48F /* m6x1.png */; };
		30D72AAE1E77F08700B8C48F /* m3x1.png in Resources */ = {isa = PBXBuildFile; fileRef = 30D72AA91E77F08700B8C48F /* m3x1.png */; };
		30D72AB01E77F08700B8C48F /* m2x1.png in Resources */ = {isa = PBXBuildFile; fileRef = 30D72AAB1E77F08700B8C48F /* m2x1.png */; };
		30D72AB41E77F26400B8C48F /* m5x1.png in Resources */ = {isa = PBXBuildFile; fileRef = 30D72AB31E77F26400B8C48F /* m5x1.png */; };
		30D72AB81E78022C00B8C48F /* m1b.png in Resources */ = {isa = PBXBuildFile; fileRef = 30D72AB71E78022C00B8C48F /* m1b.png */; };
		30D72ABC1E781F3500B8C48F /* m71.png in Resources */ = {isa = PBXBuildFile; fileRef = 30D72ABB1E781F3500B8C48F /* m71.png */; };
		30D9DE501E52D455005B4E62 /* CLR3.png in Resources */ = {isa = PBXBuildFile; fileRef = 30D9DE4F1E52D455005B4E62 /* CLR3.png */; };
		30D9DE541E52D6BE005B4E62 /* DEL3.png in Resources */ = {isa = PBXBuildFile; fileRef = 30D9DE531E52D6BE005B4E62 /* DEL3.png */; };
		30D9DE571E52D99F005B4E62 /* OVW3.png in Resources */ = {isa = PBXBuildFile; fileRef = 30D9DE551E52D99F005B4E62 /* OVW3.png */; };
		30D9DE581E52D99F005B4E62 /* INS3.png in Resources */ = {isa = PBXBuildFile; fileRef = 30D9DE561E52D99F005B4E62 /* INS3.png */; };
		30D9F3321E13B82B00142144 /* pen2.png in Resources */ = {isa = PBXBuildFile; fileRef = 30D9F3301E13B82B00142144 /* pen2.png */; };
		30D9F3331E13B82B00142144 /* keshi.png in Resources */ = {isa = PBXBuildFile; fileRef = 30D9F3311E13B82B00142144 /* keshi.png */; };
		30DAD8881DE5C3040068FF45 /* AppDelegate.swift in Sources */ = {isa = PBXBuildFile; fileRef = 30DAD8871DE5C3040068FF45 /* AppDelegate.swift */; };
		30DAD88A1DE5C3040068FF45 /* ViewController.swift in Sources */ = {isa = PBXBuildFile; fileRef = 30DAD8891DE5C3040068FF45 /* ViewController.swift */; };
		30DAD88D1DE5C3040068FF45 /* Main.storyboard in Resources */ = {isa = PBXBuildFile; fileRef = 30DAD88B1DE5C3040068FF45 /* Main.storyboard */; };
		30DAD88F1DE5C3040068FF45 /* Assets.xcassets in Resources */ = {isa = PBXBuildFile; fileRef = 30DAD88E1DE5C3040068FF45 /* Assets.xcassets */; };
		30DAD8921DE5C3040068FF45 /* LaunchScreen.storyboard in Resources */ = {isa = PBXBuildFile; fileRef = 30DAD8901DE5C3040068FF45 /* LaunchScreen.storyboard */; };
		30DAD89D1DE5C3040068FF45 /* Poke_MemoTests.swift in Sources */ = {isa = PBXBuildFile; fileRef = 30DAD89C1DE5C3040068FF45 /* Poke_MemoTests.swift */; };
		30DAD8A81DE5C3040068FF45 /* Poke_MemoUITests.swift in Sources */ = {isa = PBXBuildFile; fileRef = 30DAD8A71DE5C3040068FF45 /* Poke_MemoUITests.swift */; };
		30DEDDDA1E0D25A40051C829 /* 僕の世界.jpg in Resources */ = {isa = PBXBuildFile; fileRef = 30DEDDD91E0D25A40051C829 /* 僕の世界.jpg */; };
		30DEDDDC1E0D428C0051C829 /* Editor.swift in Sources */ = {isa = PBXBuildFile; fileRef = 30DEDDDB1E0D428C0051C829 /* Editor.swift */; };
		30E326A41E474D1700DD6686 /* 3lines.png in Resources */ = {isa = PBXBuildFile; fileRef = 30E326A31E474D1700DD6686 /* 3lines.png */; };
		30E326A61E474E5B00DD6686 /* lines.png in Resources */ = {isa = PBXBuildFile; fileRef = 30E326A51E474E5B00DD6686 /* lines.png */; };
		30E82C541E8FD47300DA7E2D /* brown2.png in Resources */ = {isa = PBXBuildFile; fileRef = 30E82C531E8FD47300DA7E2D /* brown2.png */; };
/* End PBXBuildFile section */

/* Begin PBXContainerItemProxy section */
		30DAD8991DE5C3040068FF45 /* PBXContainerItemProxy */ = {
			isa = PBXContainerItemProxy;
			containerPortal = 30DAD87C1DE5C3040068FF45 /* Project object */;
			proxyType = 1;
			remoteGlobalIDString = 30DAD8831DE5C3040068FF45;
			remoteInfo = "Poke Memo";
		};
		30DAD8A41DE5C3040068FF45 /* PBXContainerItemProxy */ = {
			isa = PBXContainerItemProxy;
			containerPortal = 30DAD87C1DE5C3040068FF45 /* Project object */;
			proxyType = 1;
			remoteGlobalIDString = 30DAD8831DE5C3040068FF45;
			remoteInfo = "Poke Memo";
		};
/* End PBXContainerItemProxy section */

/* Begin PBXFileReference section */
		301AD36A1E1E55A2004B1858 /* redo.png */ = {isa = PBXFileReference; lastKnownFileType = image.png; path = redo.png; sourceTree = "<group>"; };
		301AD3741E1F7296004B1858 /* index.png */ = {isa = PBXFileReference; lastKnownFileType = image.png; path = index.png; sourceTree = "<group>"; };
		301B5D2E1E8F7AC3005B1B99 /* editPanel.png */ = {isa = PBXFileReference; lastKnownFileType = image.png; path = editPanel.png; sourceTree = "<group>"; };
		301B5D301E8F7AED005B1B99 /* m3x2end.png */ = {isa = PBXFileReference; lastKnownFileType = image.png; path = m3x2end.png; sourceTree = "<group>"; };
		301B5D311E8F7AED005B1B99 /* m3x2clr.png */ = {isa = PBXFileReference; lastKnownFileType = image.png; path = m3x2clr.png; sourceTree = "<group>"; };
		301B5D321E8F7AED005B1B99 /* m3x2del.png */ = {isa = PBXFileReference; lastKnownFileType = image.png; path = m3x2del.png; sourceTree = "<group>"; };
		301B5D331E8F7AED005B1B99 /* m3x2ins.png */ = {isa = PBXFileReference; lastKnownFileType = image.png; path = m3x2ins.png; sourceTree = "<group>"; };
		301B5D341E8F7AED005B1B99 /* m3x2ovw.png */ = {isa = PBXFileReference; lastKnownFileType = image.png; path = m3x2ovw.png; sourceTree = "<group>"; };
		301B5D351E8F7AED005B1B99 /* m3x2top.png */ = {isa = PBXFileReference; lastKnownFileType = image.png; path = m3x2top.png; sourceTree = "<group>"; };
		301B5D3C1E8F7B05005B1B99 /* editSample.png */ = {isa = PBXFileReference; lastKnownFileType = image.png; path = editSample.png; sourceTree = "<group>"; };
		301B5D3D1E8F7B05005B1B99 /* m3x2cur.png */ = {isa = PBXFileReference; lastKnownFileType = image.png; path = m3x2cur.png; sourceTree = "<group>"; };
		301B5D401E8F7B27005B1B99 /* clrON.png */ = {isa = PBXFileReference; lastKnownFileType = image.png; path = clrON.png; sourceTree = "<group>"; };
		301B5D411E8F7B27005B1B99 /* delON.png */ = {isa = PBXFileReference; lastKnownFileType = image.png; path = delON.png; sourceTree = "<group>"; };
		301B5D421E8F7B27005B1B99 /* insON.png */ = {isa = PBXFileReference; lastKnownFileType = image.png; path = insON.png; sourceTree = "<group>"; };
		301B5D431E8F7B27005B1B99 /* ovwON.png */ = {isa = PBXFileReference; lastKnownFileType = image.png; path = ovwON.png; sourceTree = "<group>"; };
		301B5D481E8F7B85005B1B99 /* edit16.png */ = {isa = PBXFileReference; lastKnownFileType = image.png; path = edit16.png; sourceTree = "<group>"; };
		301B5D491E8F7B85005B1B99 /* edit17.png */ = {isa = PBXFileReference; lastKnownFileType = image.png; path = edit17.png; sourceTree = "<group>"; };
		301B5D4A1E8F7B85005B1B99 /* edit14.png */ = {isa = PBXFileReference; lastKnownFileType = image.png; path = edit14.png; sourceTree = "<group>"; };
		301B5D4B1E8F7B85005B1B99 /* edit11.png */ = {isa = PBXFileReference; lastKnownFileType = image.png; path = edit11.png; sourceTree = "<group>"; };
		301B5D4C1E8F7B85005B1B99 /* edit10.png */ = {isa = PBXFileReference; lastKnownFileType = image.png; path = edit10.png; sourceTree = "<group>"; };
		301B5D4D1E8F7B85005B1B99 /* edit09.png */ = {isa = PBXFileReference; lastKnownFileType = image.png; path = edit09.png; sourceTree = "<group>"; };
		301B5D4E1E8F7B85005B1B99 /* edit02.png */ = {isa = PBXFileReference; lastKnownFileType = image.png; path = edit02.png; sourceTree = "<group>"; };
		301B5D4F1E8F7B85005B1B99 /* edit01.png */ = {isa = PBXFileReference; lastKnownFileType = image.png; path = edit01.png; sourceTree = "<group>"; };
		301B5D501E8F7B85005B1B99 /* edit13.png */ = {isa = PBXFileReference; lastKnownFileType = image.png; path = edit13.png; sourceTree = "<group>"; };
		301B5D511E8F7B85005B1B99 /* edit12.png */ = {isa = PBXFileReference; lastKnownFileType = image.png; path = edit12.png; sourceTree = "<group>"; };
		301B5D521E8F7B85005B1B99 /* edit08.png */ = {isa = PBXFileReference; lastKnownFileType = image.png; path = edit08.png; sourceTree = "<group>"; };
		301B5D531E8F7B85005B1B99 /* edit07.png */ = {isa = PBXFileReference; lastKnownFileType = image.png; path = edit07.png; sourceTree = "<group>"; };
		301B5D541E8F7B85005B1B99 /* edit06.png */ = {isa = PBXFileReference; lastKnownFileType = image.png; path = edit06.png; sourceTree = "<group>"; };
		301B5D551E8F7B85005B1B99 /* edit05.png */ = {isa = PBXFileReference; lastKnownFileType = image.png; path = edit05.png; sourceTree = "<group>"; };
		301B5D561E8F7B85005B1B99 /* edit04.png */ = {isa = PBXFileReference; lastKnownFileType = image.png; path = edit04.png; sourceTree = "<group>"; };
		301B5D571E8F7B85005B1B99 /* edit03.png */ = {isa = PBXFileReference; lastKnownFileType = image.png; path = edit03.png; sourceTree = "<group>"; };
		301B5D681E8F7BC4005B1B99 /* undo06.png */ = {isa = PBXFileReference; lastKnownFileType = image.png; path = undo06.png; sourceTree = "<group>"; };
		301B5D691E8F7BC5005B1B99 /* undo05.png */ = {isa = PBXFileReference; lastKnownFileType = image.png; path = undo05.png; sourceTree = "<group>"; };
		301B5D6A1E8F7BC5005B1B99 /* undo04.png */ = {isa = PBXFileReference; lastKnownFileType = image.png; path = undo04.png; sourceTree = "<group>"; };
		301B5D6B1E8F7BC5005B1B99 /* undo03.png */ = {isa = PBXFileReference; lastKnownFileType = image.png; path = undo03.png; sourceTree = "<group>"; };
		301B5D6C1E8F7BC5005B1B99 /* edit19.png */ = {isa = PBXFileReference; lastKnownFileType = image.png; path = edit19.png; sourceTree = "<group>"; };
		301B5D6D1E8F7BC5005B1B99 /* undo02.png */ = {isa = PBXFileReference; lastKnownFileType = image.png; path = undo02.png; sourceTree = "<group>"; };
		301B5D6E1E8F7BC5005B1B99 /* undo01.png */ = {isa = PBXFileReference; lastKnownFileType = image.png; path = undo01.png; sourceTree = "<group>"; };
		301B5D6F1E8F7BC5005B1B99 /* edit18.png */ = {isa = PBXFileReference; lastKnownFileType = image.png; path = edit18.png; sourceTree = "<group>"; };
		301B5D701E8F7BC5005B1B99 /* edit15.png */ = {isa = PBXFileReference; lastKnownFileType = image.png; path = edit15.png; sourceTree = "<group>"; };
		301B5D711E8F7BC5005B1B99 /* undo_ico.png */ = {isa = PBXFileReference; lastKnownFileType = image.png; path = undo_ico.png; sourceTree = "<group>"; };
		30281EDA212D536D0009A7F4 /* gpen02.pdf */ = {isa = PBXFileReference; lastKnownFileType = image.pdf; path = gpen02.pdf; sourceTree = "<group>"; };
		303238201E90A8E000E443A4 /* 3Up.png */ = {isa = PBXFileReference; lastKnownFileType = image.png; path = 3Up.png; sourceTree = "<group>"; };
		3034940C212ABAA5003F673E /* GpenM.pdf */ = {isa = PBXFileReference; lastKnownFileType = image.pdf; path = GpenM.pdf; sourceTree = "<group>"; };
		3034940E212ABAB7003F673E /* GpenT.pdf */ = {isa = PBXFileReference; lastKnownFileType = image.pdf; path = GpenT.pdf; sourceTree = "<group>"; };
		30349410212ABAC1003F673E /* GpenW.pdf */ = {isa = PBXFileReference; lastKnownFileType = image.pdf; path = GpenW.pdf; sourceTree = "<group>"; };
		30349412212AD7AF003F673E /* gpen00.pdf */ = {isa = PBXFileReference; lastKnownFileType = image.pdf; path = gpen00.pdf; sourceTree = "<group>"; };
		30349414212AD7BB003F673E /* gpen01.pdf */ = {isa = PBXFileReference; lastKnownFileType = image.pdf; path = gpen01.pdf; sourceTree = "<group>"; };
		3035AB781E928AE000D9D899 /* ind_ico2.png */ = {isa = PBXFileReference; lastKnownFileType = image.png; path = ind_ico2.png; sourceTree = "<group>"; };
		303A12C11EA397CD003AB4A7 /* guide.png */ = {isa = PBXFileReference; lastKnownFileType = image.png; path = guide.png; sourceTree = "<group>"; };
		303A12C91EA3A632003AB4A7 /* appA5.png */ = {isa = PBXFileReference; lastKnownFileType = image.png; path = appA5.png; sourceTree = "<group>"; };
		303B2D1C1E7416F200E298DA /* editPanel01.png */ = {isa = PBXFileReference; lastKnownFileType = image.png; path = editPanel01.png; sourceTree = "<group>"; };
		303C93081E51ADEF00E465AB /* INS2.png */ = {isa = PBXFileReference; lastKnownFileType = image.png; path = INS2.png; sourceTree = "<group>"; };
		303C93091E51ADEF00E465AB /* OVW2.png */ = {isa = PBXFileReference; lastKnownFileType = image.png; path = OVW2.png; sourceTree = "<group>"; };
		303C930C1E51AE1900E465AB /* CLR2.png */ = {isa = PBXFileReference; lastKnownFileType = image.png; path = CLR2.png; sourceTree = "<group>"; };
		303C930D1E51AE1900E465AB /* DEL2.png */ = {isa = PBXFileReference; lastKnownFileType = image.png; path = DEL2.png; sourceTree = "<group>"; };
		303C93101E51B2DE00E465AB /* 2Left.png */ = {isa = PBXFileReference; lastKnownFileType = image.png; path = 2Left.png; sourceTree = "<group>"; };
		303C93111E51B2DE00E465AB /* 2Right.png */ = {isa = PBXFileReference; lastKnownFileType = image.png; path = 2Right.png; sourceTree = "<group>"; };
		303C93141E51D08B00E465AB /* green2.png */ = {isa = PBXFileReference; lastKnownFileType = image.png; path = green2.png; sourceTree = "<group>"; };
		30403F3D1E3DF833004120EB /* zoom@2x.png */ = {isa = PBXFileReference; lastKnownFileType = image.png; path = "zoom@2x.png"; sourceTree = "<group>"; };
		30403F3F1E3DFDD7004120EB /* ok@2x.png */ = {isa = PBXFileReference; lastKnownFileType = image.png; path = "ok@2x.png"; sourceTree = "<group>"; };
		30419DEE1DFFC58D00D22C8A /* Canvas.swift */ = {isa = PBXFileReference; fileEncoding = 4; lastKnownFileType = sourcecode.swift; path = Canvas.swift; sourceTree = "<group>"; };
		304373371EAA41BB00114FED /* haiku.png */ = {isa = PBXFileReference; lastKnownFileType = image.png; path = haiku.png; sourceTree = "<group>"; };
		30451EA11E9369F9009B559A /* m71E.png */ = {isa = PBXFileReference; lastKnownFileType = image.png; path = m71E.png; sourceTree = "<group>"; };
		30451EA21E9369F9009B559A /* m5x1E.png */ = {isa = PBXFileReference; lastKnownFileType = image.png; path = m5x1E.png; sourceTree = "<group>"; };
		30451EA61E936A0F009B559A /* m2x1E.png */ = {isa = PBXFileReference; lastKnownFileType = image.png; path = m2x1E.png; sourceTree = "<group>"; };
		30451EA71E936A0F009B559A /* m1bE.png */ = {isa = PBXFileReference; lastKnownFileType = image.png; path = m1bE.png; sourceTree = "<group>"; };
		304800501E81284400B0F441 /* col3_ico.png */ = {isa = PBXFileReference; lastKnownFileType = image.png; path = col3_ico.png; sourceTree = "<group>"; };
		304800511E81284400B0F441 /* col2_ico.png */ = {isa = PBXFileReference; lastKnownFileType = image.png; path = col2_ico.png; sourceTree = "<group>"; };
		304800521E81284400B0F441 /* col1_ico.png */ = {isa = PBXFileReference; lastKnownFileType = image.png; path = col1_ico.png; sourceTree = "<group>"; };
		304800561E81292500B0F441 /* 3_ico.png */ = {isa = PBXFileReference; lastKnownFileType = image.png; path = 3_ico.png; sourceTree = "<group>"; };
		304800571E81292500B0F441 /* w_ico.png */ = {isa = PBXFileReference; lastKnownFileType = image.png; path = w_ico.png; sourceTree = "<group>"; };
		304800581E81292500B0F441 /* ind_ico.png */ = {isa = PBXFileReference; lastKnownFileType = image.png; path = ind_ico.png; sourceTree = "<group>"; };
		304800591E81292500B0F441 /* men_ico.png */ = {isa = PBXFileReference; lastKnownFileType = image.png; path = men_ico.png; sourceTree = "<group>"; };
		3048005A1E81292500B0F441 /* pal_ico.png */ = {isa = PBXFileReference; lastKnownFileType = image.png; path = pal_ico.png; sourceTree = "<group>"; };
		304800621E814EB300B0F441 /* pen.png */ = {isa = PBXFileReference; lastKnownFileType = image.png; path = pen.png; sourceTree = "<group>"; };
		304E6A7A1E7C09F8004E27A6 /* m6x3.png */ = {isa = PBXFileReference; lastKnownFileType = image.png; path = m6x3.png; sourceTree = "<group>"; };
		304E6A7B1E7C09F8004E27A6 /* m6x4.png */ = {isa = PBXFileReference; lastKnownFileType = image.png; path = m6x4.png; sourceTree = "<group>"; };
		304E6A7E1E7C0A87004E27A6 /* m6x2.png */ = {isa = PBXFileReference; lastKnownFileType = image.png; path = m6x2.png; sourceTree = "<group>"; };
		3053D3111E968B52009B89EE /* m4i1E.png */ = {isa = PBXFileReference; lastKnownFileType = image.png; path = m4i1E.png; sourceTree = "<group>"; };
		3053D3131E968C54009B89EE /* m4xp13E.png */ = {isa = PBXFileReference; lastKnownFileType = image.png; path = m4xp13E.png; sourceTree = "<group>"; };
		3053D3151E968C8A009B89EE /* delAllE.png */ = {isa = PBXFileReference; lastKnownFileType = image.png; path = delAllE.png; sourceTree = "<group>"; };
		3053D3171E968C95009B89EE /* delAll2E.png */ = {isa = PBXFileReference; lastKnownFileType = image.png; path = delAll2E.png; sourceTree = "<group>"; };
		3053D3191E968CB8009B89EE /* jpegE.png */ = {isa = PBXFileReference; lastKnownFileType = image.png; path = jpegE.png; sourceTree = "<group>"; };
		3053D31B1E968D29009B89EE /* lasticon.png */ = {isa = PBXFileReference; lastKnownFileType = image.png; path = lasticon.png; sourceTree = "<group>"; };
		30584FD51E97641000691BFA /* art3b.png */ = {isa = PBXFileReference; lastKnownFileType = image.png; path = art3b.png; sourceTree = "<group>"; };
		30584FD71E97D07500691BFA /* white2.png */ = {isa = PBXFileReference; lastKnownFileType = image.png; path = white2.png; sourceTree = "<group>"; };
		30584FE31E97D6D800691BFA /* white.png */ = {isa = PBXFileReference; lastKnownFileType = image.png; path = white.png; sourceTree = "<group>"; };
		30633B621E8566CF0052619E /* big.png */ = {isa = PBXFileReference; lastKnownFileType = image.png; path = big.png; sourceTree = "<group>"; };
		30633B631E8566CF0052619E /* big_ico.png */ = {isa = PBXFileReference; lastKnownFileType = image.png; path = big_ico.png; sourceTree = "<group>"; };
		306671ED1E4F246C00A9CFAC /* red.png */ = {isa = PBXFileReference; lastKnownFileType = image.png; path = red.png; sourceTree = "<group>"; };
		306671EF1E4F26CE00A9CFAC /* black2.png */ = {isa = PBXFileReference; lastKnownFileType = image.png; path = black2.png; sourceTree = "<group>"; };
		306671F71E4F324A00A9CFAC /* pen20.png */ = {isa = PBXFileReference; lastKnownFileType = image.png; path = pen20.png; sourceTree = "<group>"; };
		306672071E4F495700A9CFAC /* redUp.png */ = {isa = PBXFileReference; lastKnownFileType = image.png; path = redUp.png; sourceTree = "<group>"; };
		306672081E4F495700A9CFAC /* greenDown.png */ = {isa = PBXFileReference; lastKnownFileType = image.png; path = greenDown.png; sourceTree = "<group>"; };
		3067381B1E7A896400679C20 /* open.png */ = {isa = PBXFileReference; lastKnownFileType = image.png; path = open.png; sourceTree = "<group>"; };
		3067381C1E7A896400679C20 /* selindex.png */ = {isa = PBXFileReference; lastKnownFileType = image.png; path = selindex.png; sourceTree = "<group>"; };
		3067381D1E7A896400679C20 /* swipeL.png */ = {isa = PBXFileReference; lastKnownFileType = image.png; path = swipeL.png; sourceTree = "<group>"; };
		3067381E1E7A896400679C20 /* swipeR.png */ = {isa = PBXFileReference; lastKnownFileType = image.png; path = swipeR.png; sourceTree = "<group>"; };
		30750B681E8546F000809D15 /* ges2.png */ = {isa = PBXFileReference; lastKnownFileType = image.png; path = ges2.png; sourceTree = "<group>"; };
		30750B691E8546F000809D15 /* ges1.png */ = {isa = PBXFileReference; lastKnownFileType = image.png; path = ges1.png; sourceTree = "<group>"; };
		30750B6A1E8546F000809D15 /* openP.png */ = {isa = PBXFileReference; lastKnownFileType = image.png; path = openP.png; sourceTree = "<group>"; };
		30750B6B1E8546F000809D15 /* closeP.png */ = {isa = PBXFileReference; lastKnownFileType = image.png; path = closeP.png; sourceTree = "<group>"; };
		30750B701E85474700809D15 /* ges7.png */ = {isa = PBXFileReference; lastKnownFileType = image.png; path = ges7.png; sourceTree = "<group>"; };
		30750B711E85474700809D15 /* ges5.png */ = {isa = PBXFileReference; lastKnownFileType = image.png; path = ges5.png; sourceTree = "<group>"; };
		30750B721E85474700809D15 /* gesA2.png */ = {isa = PBXFileReference; lastKnownFileType = image.png; path = gesA2.png; sourceTree = "<group>"; };
		30750B731E85474700809D15 /* gesA1.png */ = {isa = PBXFileReference; lastKnownFileType = image.png; path = gesA1.png; sourceTree = "<group>"; };
		30750B741E85474700809D15 /* gesI02.png */ = {isa = PBXFileReference; lastKnownFileType = image.png; path = gesI02.png; sourceTree = "<group>"; };
		30750B751E85474700809D15 /* gesI01.png */ = {isa = PBXFileReference; lastKnownFileType = image.png; path = gesI01.png; sourceTree = "<group>"; };
		30750B7C1E85475600809D15 /* ges4z.png */ = {isa = PBXFileReference; lastKnownFileType = image.png; path = ges4z.png; sourceTree = "<group>"; };
		30750B7D1E85475600809D15 /* ges6.png */ = {isa = PBXFileReference; lastKnownFileType = image.png; path = ges6.png; sourceTree = "<group>"; };
		30750B821E8554AF00809D15 /* m2x3.png */ = {isa = PBXFileReference; lastKnownFileType = image.png; path = m2x3.png; sourceTree = "<group>"; };
		30750B841E85559600809D15 /* m2x4.png */ = {isa = PBXFileReference; lastKnownFileType = image.png; path = m2x4.png; sourceTree = "<group>"; };
		30750B861E85562300809D15 /* m4xp05.png */ = {isa = PBXFileReference; lastKnownFileType = image.png; path = m4xp05.png; sourceTree = "<group>"; };
		30750B871E85562300809D15 /* m4xp06.png */ = {isa = PBXFileReference; lastKnownFileType = image.png; path = m4xp06.png; sourceTree = "<group>"; };
		307542A71E516DA900A82B1C /* red3.png */ = {isa = PBXFileReference; lastKnownFileType = image.png; path = red3.png; sourceTree = "<group>"; };
		307542A91E516DC900A82B1C /* green3.png */ = {isa = PBXFileReference; lastKnownFileType = image.png; path = green3.png; sourceTree = "<group>"; };
		30792ED11E839C0B0069F903 /* m4i1.png */ = {isa = PBXFileReference; lastKnownFileType = image.png; path = m4i1.png; sourceTree = "<group>"; };
		30792ED31E839C950069F903 /* 3red.png */ = {isa = PBXFileReference; lastKnownFileType = image.png; path = 3red.png; sourceTree = "<group>"; };
		30792ED51E83F0850069F903 /* ovwx.png */ = {isa = PBXFileReference; lastKnownFileType = image.png; path = ovwx.png; sourceTree = "<group>"; };
		307EA72920D011100087B044 /* indexEn.html */ = {isa = PBXFileReference; fileEncoding = 4; lastKnownFileType = text.html; path = indexEn.html; sourceTree = "<group>"; };
		307EA72B20D011270087B044 /* indexJa.html */ = {isa = PBXFileReference; fileEncoding = 4; lastKnownFileType = text.html; path = indexJa.html; sourceTree = "<group>"; };
		307EA72D20D011CC0087B044 /* childEng.png */ = {isa = PBXFileReference; lastKnownFileType = image.png; path = childEng.png; sourceTree = "<group>"; };
		307EA72E20D011CC0087B044 /* childJPN.png */ = {isa = PBXFileReference; lastKnownFileType = image.png; path = childJPN.png; sourceTree = "<group>"; };
		307EA72F20D011CC0087B044 /* penchange.png */ = {isa = PBXFileReference; lastKnownFileType = image.png; path = penchange.png; sourceTree = "<group>"; };
		307EA73020D011CC0087B044 /* childEng2.png */ = {isa = PBXFileReference; lastKnownFileType = image.png; path = childEng2.png; sourceTree = "<group>"; };
		307EA73120D011CD0087B044 /* childJPN2.png */ = {isa = PBXFileReference; lastKnownFileType = image.png; path = childJPN2.png; sourceTree = "<group>"; };
		308574BE1E79399F009F544E /* hello.png */ = {isa = PBXFileReference; lastKnownFileType = image.png; path = hello.png; sourceTree = "<group>"; };
		308BDDDD1E3CDA13006F1504 /* blankX.png */ = {isa = PBXFileReference; lastKnownFileType = image.png; path = blankX.png; sourceTree = "<group>"; };
		308ECC1B1E82AAFC00576BA8 /* cursol.png */ = {isa = PBXFileReference; lastKnownFileType = image.png; path = cursol.png; sourceTree = "<group>"; };
		308ECC1F1E82AB7200576BA8 /* photos.png */ = {isa = PBXFileReference; lastKnownFileType = image.png; path = photos.png; sourceTree = "<group>"; };
		308ECC201E82AB7200576BA8 /* jpeg.png */ = {isa = PBXFileReference; lastKnownFileType = image.png; path = jpeg.png; sourceTree = "<group>"; };
		308ECC211E82AB7200576BA8 /* delAll2.png */ = {isa = PBXFileReference; lastKnownFileType = image.png; path = delAll2.png; sourceTree = "<group>"; };
		308ECC221E82AB7200576BA8 /* delAll.png */ = {isa = PBXFileReference; lastKnownFileType = image.png; path = delAll.png; sourceTree = "<group>"; };
		308ECC231E82AB7200576BA8 /* date.png */ = {isa = PBXFileReference; lastKnownFileType = image.png; path = date.png; sourceTree = "<group>"; };
		308ECC241E82AB7200576BA8 /* clrx.png */ = {isa = PBXFileReference; lastKnownFileType = image.png; path = clrx.png; sourceTree = "<group>"; };
		308ECC251E82AB7200576BA8 /* editOk.png */ = {isa = PBXFileReference; lastKnownFileType = image.png; path = editOk.png; sourceTree = "<group>"; };
		308ECC261E82AB7200576BA8 /* edits.png */ = {isa = PBXFileReference; lastKnownFileType = image.png; path = edits.png; sourceTree = "<group>"; };
		308ECC2F1E82AD0900576BA8 /* all.png */ = {isa = PBXFileReference; lastKnownFileType = image.png; path = all.png; sourceTree = "<group>"; };
		308ECC311E82AFF600576BA8 /* delx.png */ = {isa = PBXFileReference; lastKnownFileType = image.png; path = delx.png; sourceTree = "<group>"; };
		308ECC321E82AFF600576BA8 /* insx.png */ = {isa = PBXFileReference; lastKnownFileType = image.png; path = insx.png; sourceTree = "<group>"; };
		3099BC9C1E6F08B6004C11C0 /* happy_icon3z.png */ = {isa = PBXFileReference; lastKnownFileType = image.png; path = happy_icon3z.png; sourceTree = "<group>"; };
		30A1A52E1E810A9700938BCA /* m4xp07.png */ = {isa = PBXFileReference; lastKnownFileType = image.png; path = m4xp07.png; sourceTree = "<group>"; };
		30A1A52F1E810A9700938BCA /* m4xp08.png */ = {isa = PBXFileReference; lastKnownFileType = image.png; path = m4xp08.png; sourceTree = "<group>"; };
		30A1A5301E810A9700938BCA /* m4xp09.png */ = {isa = PBXFileReference; lastKnownFileType = image.png; path = m4xp09.png; sourceTree = "<group>"; };
		30A1A5311E810A9700938BCA /* m4xp10.png */ = {isa = PBXFileReference; lastKnownFileType = image.png; path = m4xp10.png; sourceTree = "<group>"; };
		30A1A5321E810A9700938BCA /* m4xp11.png */ = {isa = PBXFileReference; lastKnownFileType = image.png; path = m4xp11.png; sourceTree = "<group>"; };
		30A1A5381E810AAC00938BCA /* m4xp13.png */ = {isa = PBXFileReference; lastKnownFileType = image.png; path = m4xp13.png; sourceTree = "<group>"; };
		30A1A5391E810AAC00938BCA /* m4xp14.png */ = {isa = PBXFileReference; lastKnownFileType = image.png; path = m4xp14.png; sourceTree = "<group>"; };
		30A405571E9BCD3A000759C1 /* undo03E.png */ = {isa = PBXFileReference; lastKnownFileType = image.png; path = undo03E.png; sourceTree = "<group>"; };
		30A96DD01E93E2C0002361C0 /* m4xp14E.png */ = {isa = PBXFileReference; lastKnownFileType = image.png; path = m4xp14E.png; sourceTree = "<group>"; };
		30BE70A71E14009D00B9F52E /* 2lines.png */ = {isa = PBXFileReference; lastKnownFileType = image.png; path = 2lines.png; sourceTree = "<group>"; };
		30BE70B11E1410E100B9F52E /* red3.png */ = {isa = PBXFileReference; lastKnownFileType = image.png; path = red3.png; sourceTree = "<group>"; };
		30BE70B51E14BF3A00B9F52E /* green3a.png */ = {isa = PBXFileReference; lastKnownFileType = image.png; path = green3a.png; sourceTree = "<group>"; };
		30BE96BE1E7D6A890018412E /* m4xp03.png */ = {isa = PBXFileReference; lastKnownFileType = image.png; path = m4xp03.png; sourceTree = "<group>"; };
		30BE96BF1E7D6A890018412E /* m4xp02.png */ = {isa = PBXFileReference; lastKnownFileType = image.png; path = m4xp02.png; sourceTree = "<group>"; };
		30BE96C01E7D6A890018412E /* m4xp01.png */ = {isa = PBXFileReference; lastKnownFileType = image.png; path = m4xp01.png; sourceTree = "<group>"; };
		30BE96C71E7D6CD50018412E /* editPanel02.png */ = {isa = PBXFileReference; lastKnownFileType = image.png; path = editPanel02.png; sourceTree = "<group>"; };
		30C2B1801DEB1DFF0069A5DF /* TouchScroll.swift */ = {isa = PBXFileReference; fileEncoding = 4; lastKnownFileType = sourcecode.swift; path = TouchScroll.swift; sourceTree = "<group>"; };
		30C2B1821DEB1E310069A5DF /* Memo.swift */ = {isa = PBXFileReference; fileEncoding = 4; lastKnownFileType = sourcecode.swift; path = Memo.swift; sourceTree = "<group>"; };
		30C2B1871DEB259D0069A5DF /* blankP.png */ = {isa = PBXFileReference; lastKnownFileType = image.png; path = blankP.png; sourceTree = "<group>"; };
		30C2B1881DEB259D0069A5DF /* blankW.png */ = {isa = PBXFileReference; lastKnownFileType = image.png; path = blankW.png; sourceTree = "<group>"; };
		30C2B1891DEB259D0069A5DF /* blank.png */ = {isa = PBXFileReference; lastKnownFileType = image.png; path = blank.png; sourceTree = "<group>"; };
		30C2B18A1DEB259D0069A5DF /* blankA.png */ = {isa = PBXFileReference; lastKnownFileType = image.png; path = blankA.png; sourceTree = "<group>"; };
		30C2B18E1DEB259D0069A5DF /* selected.png */ = {isa = PBXFileReference; lastKnownFileType = image.png; path = selected.png; sourceTree = "<group>"; };
		30C2B18F1DEB259D0069A5DF /* unSelect.png */ = {isa = PBXFileReference; lastKnownFileType = image.png; path = unSelect.png; sourceTree = "<group>"; };
		30C8EE041E4F6DB500192B06 /* pen21.png */ = {isa = PBXFileReference; lastKnownFileType = image.png; path = pen21.png; sourceTree = "<group>"; };
		30C8EE081E4F6F6500192B06 /* blue.png */ = {isa = PBXFileReference; lastKnownFileType = image.png; path = blue.png; sourceTree = "<group>"; };
		30C9E22C1E75653C009D3E6B /* m1x.png */ = {isa = PBXFileReference; lastKnownFileType = image.png; path = m1x.png; sourceTree = "<group>"; };
		30CAD073209987F60038D47F /* appIcon1024.png */ = {isa = PBXFileReference; lastKnownFileType = image.png; path = appIcon1024.png; sourceTree = "<group>"; };
		30CBD5CE212690B6000E31AC /* 2Left2.png */ = {isa = PBXFileReference; lastKnownFileType = image.png; path = 2Left2.png; sourceTree = "<group>"; };
		30CBD5D0212690D7000E31AC /* 2Right2.png */ = {isa = PBXFileReference; lastKnownFileType = image.png; path = 2Right2.png; sourceTree = "<group>"; };
		30D196131E54227A003C5AAC /* Help.swift */ = {isa = PBXFileReference; fileEncoding = 4; lastKnownFileType = sourcecode.swift; path = Help.swift; sourceTree = "<group>"; };
		30D72AA81E77F08700B8C48F /* m6x1.png */ = {isa = PBXFileReference; lastKnownFileType = image.png; path = m6x1.png; sourceTree = "<group>"; };
		30D72AA91E77F08700B8C48F /* m3x1.png */ = {isa = PBXFileReference; lastKnownFileType = image.png; path = m3x1.png; sourceTree = "<group>"; };
		30D72AAB1E77F08700B8C48F /* m2x1.png */ = {isa = PBXFileReference; lastKnownFileType = image.png; path = m2x1.png; sourceTree = "<group>"; };
		30D72AB31E77F26400B8C48F /* m5x1.png */ = {isa = PBXFileReference; lastKnownFileType = image.png; path = m5x1.png; sourceTree = "<group>"; };
		30D72AB71E78022C00B8C48F /* m1b.png */ = {isa = PBXFileReference; lastKnownFileType = image.png; path = m1b.png; sourceTree = "<group>"; };
		30D72ABB1E781F3500B8C48F /* m71.png */ = {isa = PBXFileReference; lastKnownFileType = image.png; path = m71.png; sourceTree = "<group>"; };
		30D9DE4F1E52D455005B4E62 /* CLR3.png */ = {isa = PBXFileReference; lastKnownFileType = image.png; path = CLR3.png; sourceTree = "<group>"; };
		30D9DE531E52D6BE005B4E62 /* DEL3.png */ = {isa = PBXFileReference; lastKnownFileType = image.png; path = DEL3.png; sourceTree = "<group>"; };
		30D9DE551E52D99F005B4E62 /* OVW3.png */ = {isa = PBXFileReference; lastKnownFileType = image.png; path = OVW3.png; sourceTree = "<group>"; };
		30D9DE561E52D99F005B4E62 /* INS3.png */ = {isa = PBXFileReference; lastKnownFileType = image.png; path = INS3.png; sourceTree = "<group>"; };
		30D9F3301E13B82B00142144 /* pen2.png */ = {isa = PBXFileReference; lastKnownFileType = image.png; path = pen2.png; sourceTree = "<group>"; };
		30D9F3311E13B82B00142144 /* keshi.png */ = {isa = PBXFileReference; lastKnownFileType = image.png; path = keshi.png; sourceTree = "<group>"; };
		30DAD8841DE5C3040068FF45 /* Happy_Memo.app */ = {isa = PBXFileReference; explicitFileType = wrapper.application; includeInIndex = 0; path = Happy_Memo.app; sourceTree = BUILT_PRODUCTS_DIR; };
		30DAD8871DE5C3040068FF45 /* AppDelegate.swift */ = {isa = PBXFileReference; lastKnownFileType = sourcecode.swift; path = AppDelegate.swift; sourceTree = "<group>"; };
		30DAD8891DE5C3040068FF45 /* ViewController.swift */ = {isa = PBXFileReference; lastKnownFileType = sourcecode.swift; path = ViewController.swift; sourceTree = "<group>"; };
		30DAD88C1DE5C3040068FF45 /* Base */ = {isa = PBXFileReference; lastKnownFileType = file.storyboard; name = Base; path = Base.lproj/Main.storyboard; sourceTree = "<group>"; };
		30DAD88E1DE5C3040068FF45 /* Assets.xcassets */ = {isa = PBXFileReference; lastKnownFileType = folder.assetcatalog; path = Assets.xcassets; sourceTree = "<group>"; };
		30DAD8911DE5C3040068FF45 /* Base */ = {isa = PBXFileReference; lastKnownFileType = file.storyboard; name = Base; path = Base.lproj/LaunchScreen.storyboard; sourceTree = "<group>"; };
		30DAD8931DE5C3040068FF45 /* Info.plist */ = {isa = PBXFileReference; lastKnownFileType = text.plist.xml; path = Info.plist; sourceTree = "<group>"; };
		30DAD8981DE5C3040068FF45 /* Happy_MemoTests.xctest */ = {isa = PBXFileReference; explicitFileType = wrapper.cfbundle; includeInIndex = 0; path = Happy_MemoTests.xctest; sourceTree = BUILT_PRODUCTS_DIR; };
		30DAD89C1DE5C3040068FF45 /* Poke_MemoTests.swift */ = {isa = PBXFileReference; lastKnownFileType = sourcecode.swift; path = Poke_MemoTests.swift; sourceTree = "<group>"; };
		30DAD89E1DE5C3040068FF45 /* Info.plist */ = {isa = PBXFileReference; lastKnownFileType = text.plist.xml; path = Info.plist; sourceTree = "<group>"; };
		30DAD8A31DE5C3040068FF45 /* Happy_MemoUITests.xctest */ = {isa = PBXFileReference; explicitFileType = wrapper.cfbundle; includeInIndex = 0; path = Happy_MemoUITests.xctest; sourceTree = BUILT_PRODUCTS_DIR; };
		30DAD8A71DE5C3040068FF45 /* Poke_MemoUITests.swift */ = {isa = PBXFileReference; lastKnownFileType = sourcecode.swift; path = Poke_MemoUITests.swift; sourceTree = "<group>"; };
		30DAD8A91DE5C3040068FF45 /* Info.plist */ = {isa = PBXFileReference; lastKnownFileType = text.plist.xml; path = Info.plist; sourceTree = "<group>"; };
		30DEDDD91E0D25A40051C829 /* 僕の世界.jpg */ = {isa = PBXFileReference; lastKnownFileType = image.jpeg; path = "僕の世界.jpg"; sourceTree = "<group>"; };
		30DEDDDB1E0D428C0051C829 /* Editor.swift */ = {isa = PBXFileReference; fileEncoding = 4; lastKnownFileType = sourcecode.swift; path = Editor.swift; sourceTree = "<group>"; };
		30E326A31E474D1700DD6686 /* 3lines.png */ = {isa = PBXFileReference; lastKnownFileType = image.png; path = 3lines.png; sourceTree = "<group>"; };
		30E326A51E474E5B00DD6686 /* lines.png */ = {isa = PBXFileReference; lastKnownFileType = image.png; path = lines.png; sourceTree = "<group>"; };
		30E82C531E8FD47300DA7E2D /* brown2.png */ = {isa = PBXFileReference; lastKnownFileType = image.png; path = brown2.png; sourceTree = "<group>"; };
/* End PBXFileReference section */

/* Begin PBXFrameworksBuildPhase section */
		30DAD8811DE5C3040068FF45 /* Frameworks */ = {
			isa = PBXFrameworksBuildPhase;
			buildActionMask = 2147483647;
			files = (
			);
			runOnlyForDeploymentPostprocessing = 0;
		};
		30DAD8951DE5C3040068FF45 /* Frameworks */ = {
			isa = PBXFrameworksBuildPhase;
			buildActionMask = 2147483647;
			files = (
			);
			runOnlyForDeploymentPostprocessing = 0;
		};
		30DAD8A01DE5C3040068FF45 /* Frameworks */ = {
			isa = PBXFrameworksBuildPhase;
			buildActionMask = 2147483647;
			files = (
			);
			runOnlyForDeploymentPostprocessing = 0;
		};
/* End PBXFrameworksBuildPhase section */

/* Begin PBXGroup section */
		30C2B1841DEB24F60069A5DF /* Imgs */ = {
			isa = PBXGroup;
			children = (
				30281EDA212D536D0009A7F4 /* gpen02.pdf */,
				30349414212AD7BB003F673E /* gpen01.pdf */,
				30349412212AD7AF003F673E /* gpen00.pdf */,
				30349410212ABAC1003F673E /* GpenW.pdf */,
				3034940E212ABAB7003F673E /* GpenT.pdf */,
				3034940C212ABAA5003F673E /* GpenM.pdf */,
				30CBD5CE212690B6000E31AC /* 2Left2.png */,
				30CBD5D0212690D7000E31AC /* 2Right2.png */,
				303C93101E51B2DE00E465AB /* 2Left.png */,
				30BE70A71E14009D00B9F52E /* 2lines.png */,
				303C93111E51B2DE00E465AB /* 2Right.png */,
				30E326A31E474D1700DD6686 /* 3lines.png */,
				306671EF1E4F26CE00A9CFAC /* black2.png */,
				30C2B1891DEB259D0069A5DF /* blank.png */,
				30C2B18A1DEB259D0069A5DF /* blankA.png */,
				30C2B1871DEB259D0069A5DF /* blankP.png */,
				30C2B1881DEB259D0069A5DF /* blankW.png */,
				308BDDDD1E3CDA13006F1504 /* blankX.png */,
				30C8EE081E4F6F6500192B06 /* blue.png */,
				303C930C1E51AE1900E465AB /* CLR2.png */,
				30D9DE4F1E52D455005B4E62 /* CLR3.png */,
				30E82C531E8FD47300DA7E2D /* brown2.png */,
				303C930D1E51AE1900E465AB /* DEL2.png */,
				30D9DE531E52D6BE005B4E62 /* DEL3.png */,
				303C93141E51D08B00E465AB /* green2.png */,
				307542A91E516DC900A82B1C /* green3.png */,
				30BE70B51E14BF3A00B9F52E /* green3a.png */,
				306672081E4F495700A9CFAC /* greenDown.png */,
				301AD3741E1F7296004B1858 /* index.png */,
				303C93081E51ADEF00E465AB /* INS2.png */,
				30D9DE561E52D99F005B4E62 /* INS3.png */,
				30D9F3311E13B82B00142144 /* keshi.png */,
				30E326A51E474E5B00DD6686 /* lines.png */,
				30403F3F1E3DFDD7004120EB /* ok@2x.png */,
				303C93091E51ADEF00E465AB /* OVW2.png */,
				30D9DE551E52D99F005B4E62 /* OVW3.png */,
				30D9F3301E13B82B00142144 /* pen2.png */,
				306671F71E4F324A00A9CFAC /* pen20.png */,
				30C8EE041E4F6DB500192B06 /* pen21.png */,
				306671ED1E4F246C00A9CFAC /* red.png */,
				307542A71E516DA900A82B1C /* red3.png */,
				301AD36A1E1E55A2004B1858 /* redo.png */,
				30584FE31E97D6D800691BFA /* white.png */,
				306672071E4F495700A9CFAC /* redUp.png */,
				30C2B18E1DEB259D0069A5DF /* selected.png */,
				30C2B18F1DEB259D0069A5DF /* unSelect.png */,
				30403F3D1E3DF833004120EB /* zoom@2x.png */,
				30DEDDD91E0D25A40051C829 /* 僕の世界.jpg */,
				30BE70B11E1410E100B9F52E /* red3.png */,
			);
			name = Imgs;
			sourceTree = "<group>";
		};
		30DAD87B1DE5C3040068FF45 = {
			isa = PBXGroup;
			children = (
				30DAD8861DE5C3040068FF45 /* Poke Memo */,
				30DAD89B1DE5C3040068FF45 /* Poke MemoTests */,
				30DAD8A61DE5C3040068FF45 /* Poke MemoUITests */,
				30DAD8851DE5C3040068FF45 /* Products */,
			);
			sourceTree = "<group>";
		};
		30DAD8851DE5C3040068FF45 /* Products */ = {
			isa = PBXGroup;
			children = (
				30DAD8841DE5C3040068FF45 /* Happy_Memo.app */,
				30DAD8981DE5C3040068FF45 /* Happy_MemoTests.xctest */,
				30DAD8A31DE5C3040068FF45 /* Happy_MemoUITests.xctest */,
			);
			name = Products;
			sourceTree = "<group>";
		};
		30DAD8861DE5C3040068FF45 /* Poke Memo */ = {
			isa = PBXGroup;
			children = (
				30F07AB31E574C67005EC600 /* resources */,
				30C2B1841DEB24F60069A5DF /* Imgs */,
				30DAD8901DE5C3040068FF45 /* LaunchScreen.storyboard */,
				30DAD8871DE5C3040068FF45 /* AppDelegate.swift */,
				30DAD8891DE5C3040068FF45 /* ViewController.swift */,
				30D196131E54227A003C5AAC /* Help.swift */,
				30DEDDDB1E0D428C0051C829 /* Editor.swift */,
				30419DEE1DFFC58D00D22C8A /* Canvas.swift */,
				30C2B1801DEB1DFF0069A5DF /* TouchScroll.swift */,
				30C2B1821DEB1E310069A5DF /* Memo.swift */,
				30DAD88B1DE5C3040068FF45 /* Main.storyboard */,
				30DAD88E1DE5C3040068FF45 /* Assets.xcassets */,
				30DAD8931DE5C3040068FF45 /* Info.plist */,
			);
			path = "Poke Memo";
			sourceTree = SOURCE_ROOT;
		};
		30DAD89B1DE5C3040068FF45 /* Poke MemoTests */ = {
			isa = PBXGroup;
			children = (
				30DAD89C1DE5C3040068FF45 /* Poke_MemoTests.swift */,
				30DAD89E1DE5C3040068FF45 /* Info.plist */,
			);
			path = "Poke MemoTests";
			sourceTree = "<group>";
		};
		30DAD8A61DE5C3040068FF45 /* Poke MemoUITests */ = {
			isa = PBXGroup;
			children = (
				30DAD8A71DE5C3040068FF45 /* Poke_MemoUITests.swift */,
				30DAD8A91DE5C3040068FF45 /* Info.plist */,
			);
			path = "Poke MemoUITests";
			sourceTree = "<group>";
		};
		30F07AB31E574C67005EC600 /* resources */ = {
			isa = PBXGroup;
			children = (
				307EA72920D011100087B044 /* indexEn.html */,
				307EA72B20D011270087B044 /* indexJa.html */,
				307EA72D20D011CC0087B044 /* childEng.png */,
				307EA73020D011CC0087B044 /* childEng2.png */,
				307EA72E20D011CC0087B044 /* childJPN.png */,
				307EA73120D011CD0087B044 /* childJPN2.png */,
				307EA72F20D011CC0087B044 /* penchange.png */,
				30CAD073209987F60038D47F /* appIcon1024.png */,
				304800561E81292500B0F441 /* 3_ico.png */,
				30792ED31E839C950069F903 /* 3red.png */,
				303238201E90A8E000E443A4 /* 3Up.png */,
				308ECC2F1E82AD0900576BA8 /* all.png */,
				30584FD51E97641000691BFA /* art3b.png */,
				30633B631E8566CF0052619E /* big_ico.png */,
				303A12C91EA3A632003AB4A7 /* appA5.png */,
				30633B621E8566CF0052619E /* big.png */,
				30750B6B1E8546F000809D15 /* closeP.png */,
				301B5D401E8F7B27005B1B99 /* clrON.png */,
				308ECC241E82AB7200576BA8 /* clrx.png */,
				304800521E81284400B0F441 /* col1_ico.png */,
				304800511E81284400B0F441 /* col2_ico.png */,
				304800501E81284400B0F441 /* col3_ico.png */,
				308ECC1B1E82AAFC00576BA8 /* cursol.png */,
				308ECC231E82AB7200576BA8 /* date.png */,
				308ECC221E82AB7200576BA8 /* delAll.png */,
				308ECC211E82AB7200576BA8 /* delAll2.png */,
				3053D3171E968C95009B89EE /* delAll2E.png */,
				3053D3151E968C8A009B89EE /* delAllE.png */,
				301B5D411E8F7B27005B1B99 /* delON.png */,
				308ECC311E82AFF600576BA8 /* delx.png */,
				301B5D4F1E8F7B85005B1B99 /* edit01.png */,
				301B5D4E1E8F7B85005B1B99 /* edit02.png */,
				301B5D571E8F7B85005B1B99 /* edit03.png */,
				301B5D561E8F7B85005B1B99 /* edit04.png */,
				301B5D551E8F7B85005B1B99 /* edit05.png */,
				301B5D541E8F7B85005B1B99 /* edit06.png */,
				301B5D531E8F7B85005B1B99 /* edit07.png */,
				301B5D521E8F7B85005B1B99 /* edit08.png */,
				301B5D4D1E8F7B85005B1B99 /* edit09.png */,
				301B5D4C1E8F7B85005B1B99 /* edit10.png */,
				301B5D4B1E8F7B85005B1B99 /* edit11.png */,
				301B5D511E8F7B85005B1B99 /* edit12.png */,
				301B5D501E8F7B85005B1B99 /* edit13.png */,
				301B5D4A1E8F7B85005B1B99 /* edit14.png */,
				301B5D701E8F7BC5005B1B99 /* edit15.png */,
				301B5D481E8F7B85005B1B99 /* edit16.png */,
				301B5D491E8F7B85005B1B99 /* edit17.png */,
				301B5D6F1E8F7BC5005B1B99 /* edit18.png */,
				301B5D6C1E8F7BC5005B1B99 /* edit19.png */,
				308ECC251E82AB7200576BA8 /* editOk.png */,
				301B5D2E1E8F7AC3005B1B99 /* editPanel.png */,
				303B2D1C1E7416F200E298DA /* editPanel01.png */,
				30BE96C71E7D6CD50018412E /* editPanel02.png */,
				308ECC261E82AB7200576BA8 /* edits.png */,
				301B5D3C1E8F7B05005B1B99 /* editSample.png */,
				30750B691E8546F000809D15 /* ges1.png */,
				30750B681E8546F000809D15 /* ges2.png */,
				30750B7C1E85475600809D15 /* ges4z.png */,
				30750B711E85474700809D15 /* ges5.png */,
				30750B7D1E85475600809D15 /* ges6.png */,
				30750B701E85474700809D15 /* ges7.png */,
				30750B731E85474700809D15 /* gesA1.png */,
				30750B721E85474700809D15 /* gesA2.png */,
				30750B751E85474700809D15 /* gesI01.png */,
				30750B741E85474700809D15 /* gesI02.png */,
				304373371EAA41BB00114FED /* haiku.png */,
				303A12C11EA397CD003AB4A7 /* guide.png */,
				3099BC9C1E6F08B6004C11C0 /* happy_icon3z.png */,
				308574BE1E79399F009F544E /* hello.png */,
				304800581E81292500B0F441 /* ind_ico.png */,
				3035AB781E928AE000D9D899 /* ind_ico2.png */,
				301B5D421E8F7B27005B1B99 /* insON.png */,
				308ECC321E82AFF600576BA8 /* insx.png */,
				308ECC201E82AB7200576BA8 /* jpeg.png */,
				3053D3191E968CB8009B89EE /* jpegE.png */,
				3053D31B1E968D29009B89EE /* lasticon.png */,
				30D72AB71E78022C00B8C48F /* m1b.png */,
				30451EA71E936A0F009B559A /* m1bE.png */,
				30C9E22C1E75653C009D3E6B /* m1x.png */,
				30D72AAB1E77F08700B8C48F /* m2x1.png */,
				30451EA61E936A0F009B559A /* m2x1E.png */,
				30750B821E8554AF00809D15 /* m2x3.png */,
				30750B841E85559600809D15 /* m2x4.png */,
				30D72AA91E77F08700B8C48F /* m3x1.png */,
				301B5D311E8F7AED005B1B99 /* m3x2clr.png */,
				301B5D3D1E8F7B05005B1B99 /* m3x2cur.png */,
				301B5D321E8F7AED005B1B99 /* m3x2del.png */,
				301B5D301E8F7AED005B1B99 /* m3x2end.png */,
				301B5D331E8F7AED005B1B99 /* m3x2ins.png */,
				301B5D341E8F7AED005B1B99 /* m3x2ovw.png */,
				301B5D351E8F7AED005B1B99 /* m3x2top.png */,
				30792ED11E839C0B0069F903 /* m4i1.png */,
				3053D3111E968B52009B89EE /* m4i1E.png */,
				30BE96C01E7D6A890018412E /* m4xp01.png */,
				30BE96BF1E7D6A890018412E /* m4xp02.png */,
				30BE96BE1E7D6A890018412E /* m4xp03.png */,
				30750B861E85562300809D15 /* m4xp05.png */,
				30750B871E85562300809D15 /* m4xp06.png */,
				30A1A52E1E810A9700938BCA /* m4xp07.png */,
				30A1A52F1E810A9700938BCA /* m4xp08.png */,
				30A1A5301E810A9700938BCA /* m4xp09.png */,
				30A1A5311E810A9700938BCA /* m4xp10.png */,
				30A1A5321E810A9700938BCA /* m4xp11.png */,
				30A1A5381E810AAC00938BCA /* m4xp13.png */,
				3053D3131E968C54009B89EE /* m4xp13E.png */,
				30A1A5391E810AAC00938BCA /* m4xp14.png */,
				30A96DD01E93E2C0002361C0 /* m4xp14E.png */,
				30D72AB31E77F26400B8C48F /* m5x1.png */,
				30451EA21E9369F9009B559A /* m5x1E.png */,
				30D72AA81E77F08700B8C48F /* m6x1.png */,
				304E6A7E1E7C0A87004E27A6 /* m6x2.png */,
				304E6A7A1E7C09F8004E27A6 /* m6x3.png */,
				304E6A7B1E7C09F8004E27A6 /* m6x4.png */,
				30D72ABB1E781F3500B8C48F /* m71.png */,
				30451EA11E9369F9009B559A /* m71E.png */,
				304800591E81292500B0F441 /* men_ico.png */,
				3067381B1E7A896400679C20 /* open.png */,
				30750B6A1E8546F000809D15 /* openP.png */,
				301B5D431E8F7B27005B1B99 /* ovwON.png */,
				30792ED51E83F0850069F903 /* ovwx.png */,
				3048005A1E81292500B0F441 /* pal_ico.png */,
				304800621E814EB300B0F441 /* pen.png */,
				308ECC1F1E82AB7200576BA8 /* photos.png */,
				3067381C1E7A896400679C20 /* selindex.png */,
				3067381D1E7A896400679C20 /* swipeL.png */,
				3067381E1E7A896400679C20 /* swipeR.png */,
				301B5D711E8F7BC5005B1B99 /* undo_ico.png */,
				301B5D6E1E8F7BC5005B1B99 /* undo01.png */,
				301B5D6D1E8F7BC5005B1B99 /* undo02.png */,
				301B5D6B1E8F7BC5005B1B99 /* undo03.png */,
				30A405571E9BCD3A000759C1 /* undo03E.png */,
				301B5D6A1E8F7BC5005B1B99 /* undo04.png */,
				301B5D691E8F7BC5005B1B99 /* undo05.png */,
				301B5D681E8F7BC4005B1B99 /* undo06.png */,
				304800571E81292500B0F441 /* w_ico.png */,
				30584FD71E97D07500691BFA /* white2.png */,
			);
			name = resources;
			sourceTree = "<group>";
		};
/* End PBXGroup section */

/* Begin PBXNativeTarget section */
		30DAD8831DE5C3040068FF45 /* Happy_Memo */ = {
			isa = PBXNativeTarget;
			buildConfigurationList = 30DAD8AC1DE5C3040068FF45 /* Build configuration list for PBXNativeTarget "Happy_Memo" */;
			buildPhases = (
				30DAD8801DE5C3040068FF45 /* Sources */,
				30DAD8811DE5C3040068FF45 /* Frameworks */,
				30DAD8821DE5C3040068FF45 /* Resources */,
			);
			buildRules = (
			);
			dependencies = (
			);
			name = Happy_Memo;
			productName = "Poke Memo";
			productReference = 30DAD8841DE5C3040068FF45 /* Happy_Memo.app */;
			productType = "com.apple.product-type.application";
		};
		30DAD8971DE5C3040068FF45 /* Happy_MemoTests */ = {
			isa = PBXNativeTarget;
			buildConfigurationList = 30DAD8AF1DE5C3040068FF45 /* Build configuration list for PBXNativeTarget "Happy_MemoTests" */;
			buildPhases = (
				30DAD8941DE5C3040068FF45 /* Sources */,
				30DAD8951DE5C3040068FF45 /* Frameworks */,
				30DAD8961DE5C3040068FF45 /* Resources */,
			);
			buildRules = (
			);
			dependencies = (
				30DAD89A1DE5C3040068FF45 /* PBXTargetDependency */,
			);
			name = Happy_MemoTests;
			productName = "Poke MemoTests";
			productReference = 30DAD8981DE5C3040068FF45 /* Happy_MemoTests.xctest */;
			productType = "com.apple.product-type.bundle.unit-test";
		};
		30DAD8A21DE5C3040068FF45 /* Happy_MemoUITests */ = {
			isa = PBXNativeTarget;
			buildConfigurationList = 30DAD8B21DE5C3040068FF45 /* Build configuration list for PBXNativeTarget "Happy_MemoUITests" */;
			buildPhases = (
				30DAD89F1DE5C3040068FF45 /* Sources */,
				30DAD8A01DE5C3040068FF45 /* Frameworks */,
				30DAD8A11DE5C3040068FF45 /* Resources */,
			);
			buildRules = (
			);
			dependencies = (
				30DAD8A51DE5C3040068FF45 /* PBXTargetDependency */,
			);
			name = Happy_MemoUITests;
			productName = "Poke MemoUITests";
			productReference = 30DAD8A31DE5C3040068FF45 /* Happy_MemoUITests.xctest */;
			productType = "com.apple.product-type.bundle.ui-testing";
		};
/* End PBXNativeTarget section */

/* Begin PBXProject section */
		30DAD87C1DE5C3040068FF45 /* Project object */ = {
			isa = PBXProject;
			attributes = {
				LastSwiftUpdateCheck = 0810;
				LastUpgradeCheck = 0930;
				ORGANIZATIONNAME = mm289;
				TargetAttributes = {
					30DAD8831DE5C3040068FF45 = {
						CreatedOnToolsVersion = 8.1;
						DevelopmentTeam = 4F3H93F24G;
						ProvisioningStyle = Automatic;
					};
					30DAD8971DE5C3040068FF45 = {
						CreatedOnToolsVersion = 8.1;
						DevelopmentTeam = 4F3H93F24G;
						ProvisioningStyle = Automatic;
						TestTargetID = 30DAD8831DE5C3040068FF45;
					};
					30DAD8A21DE5C3040068FF45 = {
						CreatedOnToolsVersion = 8.1;
						DevelopmentTeam = 4F3H93F24G;
						ProvisioningStyle = Automatic;
						TestTargetID = 30DAD8831DE5C3040068FF45;
					};
				};
			};
			buildConfigurationList = 30DAD87F1DE5C3040068FF45 /* Build configuration list for PBXProject "Happy_Memo" */;
			compatibilityVersion = "Xcode 3.2";
			developmentRegion = English;
			hasScannedForEncodings = 0;
			knownRegions = (
				en,
				Base,
			);
			mainGroup = 30DAD87B1DE5C3040068FF45;
			productRefGroup = 30DAD8851DE5C3040068FF45 /* Products */;
			projectDirPath = "";
			projectRoot = "";
			targets = (
				30DAD8831DE5C3040068FF45 /* Happy_Memo */,
				30DAD8971DE5C3040068FF45 /* Happy_MemoTests */,
				30DAD8A21DE5C3040068FF45 /* Happy_MemoUITests */,
			);
		};
/* End PBXProject section */

/* Begin PBXResourcesBuildPhase section */
		30DAD8821DE5C3040068FF45 /* Resources */ = {
			isa = PBXResourcesBuildPhase;
			buildActionMask = 2147483647;
			files = (
				301B5D5D1E8F7B85005B1B99 /* edit09.png in Resources */,
				301B5D611E8F7B85005B1B99 /* edit12.png in Resources */,
				30A1A5351E810A9700938BCA /* m4xp09.png in Resources */,
				308ECC2B1E82AB7200576BA8 /* date.png in Resources */,
				3053D3181E968C95009B89EE /* delAll2E.png in Resources */,
				30633B651E8566CF0052619E /* big_ico.png in Resources */,
				301B5D761E8F7BC5005B1B99 /* edit19.png in Resources */,
				30403F3E1E3DF833004120EB /* zoom@2x.png in Resources */,
				304800631E814EB300B0F441 /* pen.png in Resources */,
				3048005F1E81292500B0F441 /* pal_ico.png in Resources */,
				3053D31C1E968D29009B89EE /* lasticon.png in Resources */,
				303C930E1E51AE1900E465AB /* CLR2.png in Resources */,
				301B5D731E8F7BC5005B1B99 /* undo05.png in Resources */,
				303A12CA1EA3A632003AB4A7 /* appA5.png in Resources */,
				30D72AAE1E77F08700B8C48F /* m3x1.png in Resources */,
				301B5D5E1E8F7B85005B1B99 /* edit02.png in Resources */,
				30CBD5CF212690B6000E31AC /* 2Left2.png in Resources */,
				301B5D671E8F7B85005B1B99 /* edit03.png in Resources */,
				30DAD8921DE5C3040068FF45 /* LaunchScreen.storyboard in Resources */,
				308ECC1C1E82AAFC00576BA8 /* cursol.png in Resources */,
				303C93131E51B2DE00E465AB /* 2Right.png in Resources */,
				301B5D5C1E8F7B85005B1B99 /* edit10.png in Resources */,
				301B5D791E8F7BC5005B1B99 /* edit18.png in Resources */,
				30750B791E85474700809D15 /* gesA1.png in Resources */,
				30451EA31E9369F9009B559A /* m71E.png in Resources */,
				30DAD88F1DE5C3040068FF45 /* Assets.xcassets in Resources */,
				30BE96C81E7D6CD50018412E /* editPanel02.png in Resources */,
				307542AA1E516DC900A82B1C /* green3.png in Resources */,
				307EA73320D011CD0087B044 /* childJPN.png in Resources */,
				30C8EE051E4F6DB500192B06 /* pen21.png in Resources */,
				30D72AB81E78022C00B8C48F /* m1b.png in Resources */,
				301B5D381E8F7AED005B1B99 /* m3x2del.png in Resources */,
				30BE70B61E14BF3A00B9F52E /* green3a.png in Resources */,
				301B5D741E8F7BC5005B1B99 /* undo04.png in Resources */,
				30A405581E9BCD3A000759C1 /* undo03E.png in Resources */,
				30E326A61E474E5B00DD6686 /* lines.png in Resources */,
				308ECC301E82AD0900576BA8 /* all.png in Resources */,
				301B5D7B1E8F7BC5005B1B99 /* undo_ico.png in Resources */,
				301B5D3E1E8F7B05005B1B99 /* editSample.png in Resources */,
				301B5D631E8F7B85005B1B99 /* edit07.png in Resources */,
				307EA72C20D011270087B044 /* indexJa.html in Resources */,
				301B5D661E8F7B85005B1B99 /* edit04.png in Resources */,
				30A1A53B1E810AAC00938BCA /* m4xp14.png in Resources */,
				308ECC341E82AFF600576BA8 /* delx.png in Resources */,
				304800551E81284400B0F441 /* col1_ico.png in Resources */,
				30BE96C61E7D6A890018412E /* m4xp01.png in Resources */,
				301B5D771E8F7BC5005B1B99 /* undo02.png in Resources */,
				301AD3751E1F7296004B1858 /* index.png in Resources */,
				30349413212AD7B0003F673E /* gpen00.pdf in Resources */,
				30584FD81E97D07500691BFA /* white2.png in Resources */,
				3053D3161E968C8A009B89EE /* delAllE.png in Resources */,
				301B5D5B1E8F7B85005B1B99 /* edit11.png in Resources */,
				307EA73420D011CD0087B044 /* penchange.png in Resources */,
				30D9DE541E52D6BE005B4E62 /* DEL3.png in Resources */,
				30750B6D1E8546F000809D15 /* ges1.png in Resources */,
				308ECC2C1E82AB7200576BA8 /* clrx.png in Resources */,
				301AD36B1E1E55A2004B1858 /* redo.png in Resources */,
				30D9DE581E52D99F005B4E62 /* INS3.png in Resources */,
				307542A81E516DA900A82B1C /* red3.png in Resources */,
				30349415212AD7BB003F673E /* gpen01.pdf in Resources */,
				306738221E7A896400679C20 /* swipeR.png in Resources */,
				308ECC2E1E82AB7200576BA8 /* edits.png in Resources */,
				30281EDB212D536D0009A7F4 /* gpen02.pdf in Resources */,
				30A96DD21E93E2C0002361C0 /* m4xp14E.png in Resources */,
				303C93161E51D08B00E465AB /* green2.png in Resources */,
				30E82C541E8FD47300DA7E2D /* brown2.png in Resources */,
				30451EA91E936A0F009B559A /* m2x1E.png in Resources */,
				3034940D212ABAA5003F673E /* GpenM.pdf in Resources */,
				30E326A41E474D1700DD6686 /* 3lines.png in Resources */,
				30349411212ABAC1003F673E /* GpenW.pdf in Resources */,
				301B5D751E8F7BC5005B1B99 /* undo03.png in Resources */,
				30C2B19A1DEB259D0069A5DF /* unSelect.png in Resources */,
				3048005D1E81292500B0F441 /* ind_ico.png in Resources */,
				30D72AB01E77F08700B8C48F /* m2x1.png in Resources */,
				30A1A53A1E810AAC00938BCA /* m4xp13.png in Resources */,
				304E6A7F1E7C0A87004E27A6 /* m6x2.png in Resources */,
				30A1A5331E810A9700938BCA /* m4xp07.png in Resources */,
				30A1A5371E810A9700938BCA /* m4xp11.png in Resources */,
				30750B7A1E85474700809D15 /* gesI02.png in Resources */,
				304800541E81284400B0F441 /* col2_ico.png in Resources */,
				301B5D3A1E8F7AED005B1B99 /* m3x2ovw.png in Resources */,
				306671F81E4F324A00A9CFAC /* pen20.png in Resources */,
				307EA73620D011CD0087B044 /* childJPN2.png in Resources */,
				303C930A1E51ADEF00E465AB /* INS2.png in Resources */,
				306671EE1E4F246C00A9CFAC /* red.png in Resources */,
				3048005E1E81292500B0F441 /* men_ico.png in Resources */,
				304E6A7C1E7C09F8004E27A6 /* m6x3.png in Resources */,
				304800531E81284400B0F441 /* col3_ico.png in Resources */,
				30CAD074209987F60038D47F /* appIcon1024.png in Resources */,
				3034940F212ABAB7003F673E /* GpenT.pdf in Resources */,
				30C2B1931DEB259D0069A5DF /* blankW.png in Resources */,
				308ECC351E82AFF600576BA8 /* insx.png in Resources */,
				30C2B1941DEB259D0069A5DF /* blank.png in Resources */,
				306738201E7A896400679C20 /* selindex.png in Resources */,
				307EA73520D011CD0087B044 /* childEng2.png in Resources */,
				30750B6C1E8546F000809D15 /* ges2.png in Resources */,
				30C9E22D1E75653C009D3E6B /* m1x.png in Resources */,
				301B5D781E8F7BC5005B1B99 /* undo01.png in Resources */,
				30C2B1991DEB259D0069A5DF /* selected.png in Resources */,
				30633B641E8566CF0052619E /* big.png in Resources */,
				303C930F1E51AE1900E465AB /* DEL2.png in Resources */,
				30792ED21E839C0B0069F903 /* m4i1.png in Resources */,
				30C2B1951DEB259D0069A5DF /* blankA.png in Resources */,
				30750B6E1E8546F000809D15 /* openP.png in Resources */,
				301B5D3F1E8F7B05005B1B99 /* m3x2cur.png in Resources */,
				303C930B1E51ADEF00E465AB /* OVW2.png in Resources */,
				30750B851E85559600809D15 /* m2x4.png in Resources */,
				306672091E4F495700A9CFAC /* redUp.png in Resources */,
				30C8EE091E4F6F6500192B06 /* blue.png in Resources */,
				301B5D3B1E8F7AED005B1B99 /* m3x2top.png in Resources */,
				30750B891E85562300809D15 /* m4xp06.png in Resources */,
				301B5D391E8F7AED005B1B99 /* m3x2ins.png in Resources */,
				303238211E90A8E000E443A4 /* 3Up.png in Resources */,
				30D72ABC1E781F3500B8C48F /* m71.png in Resources */,
				30750B831E8554AF00809D15 /* m2x3.png in Resources */,
				308ECC2D1E82AB7200576BA8 /* editOk.png in Resources */,
				30750B881E85562300809D15 /* m4xp05.png in Resources */,
				301B5D5F1E8F7B85005B1B99 /* edit01.png in Resources */,
				301B5D7A1E8F7BC5005B1B99 /* edit15.png in Resources */,
				30BE96C51E7D6A890018412E /* m4xp02.png in Resources */,
				3067381F1E7A896400679C20 /* open.png in Resources */,
				308BDDDE1E3CDA13006F1504 /* blankX.png in Resources */,
				308574BF1E79399F009F544E /* hello.png in Resources */,
				30750B7B1E85474700809D15 /* gesI01.png in Resources */,
				301B5D5A1E8F7B85005B1B99 /* edit14.png in Resources */,
				301B5D621E8F7B85005B1B99 /* edit08.png in Resources */,
				30D72AAD1E77F08700B8C48F /* m6x1.png in Resources */,
				30792ED41E839C950069F903 /* 3red.png in Resources */,
				30D9DE501E52D455005B4E62 /* CLR3.png in Resources */,
				308ECC271E82AB7200576BA8 /* photos.png in Resources */,
				301B5D581E8F7B85005B1B99 /* edit16.png in Resources */,
				301B5D441E8F7B27005B1B99 /* clrON.png in Resources */,
				30451EAA1E936A0F009B559A /* m1bE.png in Resources */,
				308ECC281E82AB7200576BA8 /* jpeg.png in Resources */,
				3053D3141E968C54009B89EE /* m4xp13E.png in Resources */,
				301B5D591E8F7B85005B1B99 /* edit17.png in Resources */,
				30D9DE571E52D99F005B4E62 /* OVW3.png in Resources */,
				308ECC291E82AB7200576BA8 /* delAll2.png in Resources */,
				30750B771E85474700809D15 /* ges5.png in Resources */,
				301B5D461E8F7B27005B1B99 /* insON.png in Resources */,
				303A12C21EA397CD003AB4A7 /* guide.png in Resources */,
				301B5D471E8F7B27005B1B99 /* ovwON.png in Resources */,
				301B5D371E8F7AED005B1B99 /* m3x2clr.png in Resources */,
				30D9F3321E13B82B00142144 /* pen2.png in Resources */,
				30584FD61E97641000691BFA /* art3b.png in Resources */,
				30792ED61E83F0850069F903 /* ovwx.png in Resources */,
				301B5D721E8F7BC5005B1B99 /* undo06.png in Resources */,
				30750B761E85474700809D15 /* ges7.png in Resources */,
				301B5D2F1E8F7AC3005B1B99 /* editPanel.png in Resources */,
				307EA73220D011CD0087B044 /* childEng.png in Resources */,
				307EA72A20D011100087B044 /* indexEn.html in Resources */,
				306738211E7A896400679C20 /* swipeL.png in Resources */,
				30DEDDDA1E0D25A40051C829 /* 僕の世界.jpg in Resources */,
				30451EA41E9369F9009B559A /* m5x1E.png in Resources */,
				3053D31A1E968CB8009B89EE /* jpegE.png in Resources */,
				30403F401E3DFDD7004120EB /* ok@2x.png in Resources */,
				3053D3121E968B52009B89EE /* m4i1E.png in Resources */,
				308ECC2A1E82AB7200576BA8 /* delAll.png in Resources */,
				304373381EAA41BB00114FED /* haiku.png in Resources */,
				30BE96C41E7D6A890018412E /* m4xp03.png in Resources */,
				30A1A5361E810A9700938BCA /* m4xp10.png in Resources */,
				30584FE41E97D6D800691BFA /* white.png in Resources */,
				30750B6F1E8546F000809D15 /* closeP.png in Resources */,
				30750B781E85474700809D15 /* gesA2.png in Resources */,
				304E6A7D1E7C09F8004E27A6 /* m6x4.png in Resources */,
				301B5D651E8F7B85005B1B99 /* edit05.png in Resources */,
				30CBD5D1212690D7000E31AC /* 2Right2.png in Resources */,
				30BE70A81E14009D00B9F52E /* 2lines.png in Resources */,
				30D9F3331E13B82B00142144 /* keshi.png in Resources */,
				306671F01E4F26CE00A9CFAC /* black2.png in Resources */,
				303B2D1D1E7416F200E298DA /* editPanel01.png in Resources */,
				30A1A5341E810A9700938BCA /* m4xp08.png in Resources */,
				30750B7E1E85475600809D15 /* ges4z.png in Resources */,
				30D72AB41E77F26400B8C48F /* m5x1.png in Resources */,
				301B5D361E8F7AED005B1B99 /* m3x2end.png in Resources */,
				303C93121E51B2DE00E465AB /* 2Left.png in Resources */,
				3099BC9D1E6F08B6004C11C0 /* happy_icon3z.png in Resources */,
				3048005C1E81292500B0F441 /* w_ico.png in Resources */,
				30DAD88D1DE5C3040068FF45 /* Main.storyboard in Resources */,
				301B5D641E8F7B85005B1B99 /* edit06.png in Resources */,
				301B5D451E8F7B27005B1B99 /* delON.png in Resources */,
				3035AB791E928AE000D9D899 /* ind_ico2.png in Resources */,
				30750B7F1E85475600809D15 /* ges6.png in Resources */,
				3048005B1E81292500B0F441 /* 3_ico.png in Resources */,
				3066720A1E4F495700A9CFAC /* greenDown.png in Resources */,
				30C2B1921DEB259D0069A5DF /* blankP.png in Resources */,
				301B5D601E8F7B85005B1B99 /* edit13.png in Resources */,
			);
			runOnlyForDeploymentPostprocessing = 0;
		};
		30DAD8961DE5C3040068FF45 /* Resources */ = {
			isa = PBXResourcesBuildPhase;
			buildActionMask = 2147483647;
			files = (
			);
			runOnlyForDeploymentPostprocessing = 0;
		};
		30DAD8A11DE5C3040068FF45 /* Resources */ = {
			isa = PBXResourcesBuildPhase;
			buildActionMask = 2147483647;
			files = (
			);
			runOnlyForDeploymentPostprocessing = 0;
		};
/* End PBXResourcesBuildPhase section */

/* Begin PBXSourcesBuildPhase section */
		30DAD8801DE5C3040068FF45 /* Sources */ = {
			isa = PBXSourcesBuildPhase;
			buildActionMask = 2147483647;
			files = (
				30D196141E54227A003C5AAC /* Help.swift in Sources */,
				30DEDDDC1E0D428C0051C829 /* Editor.swift in Sources */,
				30DAD88A1DE5C3040068FF45 /* ViewController.swift in Sources */,
				30C2B1811DEB1DFF0069A5DF /* TouchScroll.swift in Sources */,
				30DAD8881DE5C3040068FF45 /* AppDelegate.swift in Sources */,
				30C2B1831DEB1E310069A5DF /* Memo.swift in Sources */,
				30419DEF1DFFC58D00D22C8A /* Canvas.swift in Sources */,
			);
			runOnlyForDeploymentPostprocessing = 0;
		};
		30DAD8941DE5C3040068FF45 /* Sources */ = {
			isa = PBXSourcesBuildPhase;
			buildActionMask = 2147483647;
			files = (
				30DAD89D1DE5C3040068FF45 /* Poke_MemoTests.swift in Sources */,
			);
			runOnlyForDeploymentPostprocessing = 0;
		};
		30DAD89F1DE5C3040068FF45 /* Sources */ = {
			isa = PBXSourcesBuildPhase;
			buildActionMask = 2147483647;
			files = (
				30DAD8A81DE5C3040068FF45 /* Poke_MemoUITests.swift in Sources */,
			);
			runOnlyForDeploymentPostprocessing = 0;
		};
/* End PBXSourcesBuildPhase section */

/* Begin PBXTargetDependency section */
		30DAD89A1DE5C3040068FF45 /* PBXTargetDependency */ = {
			isa = PBXTargetDependency;
			target = 30DAD8831DE5C3040068FF45 /* Happy_Memo */;
			targetProxy = 30DAD8991DE5C3040068FF45 /* PBXContainerItemProxy */;
		};
		30DAD8A51DE5C3040068FF45 /* PBXTargetDependency */ = {
			isa = PBXTargetDependency;
			target = 30DAD8831DE5C3040068FF45 /* Happy_Memo */;
			targetProxy = 30DAD8A41DE5C3040068FF45 /* PBXContainerItemProxy */;
		};
/* End PBXTargetDependency section */

/* Begin PBXVariantGroup section */
		30DAD88B1DE5C3040068FF45 /* Main.storyboard */ = {
			isa = PBXVariantGroup;
			children = (
				30DAD88C1DE5C3040068FF45 /* Base */,
			);
			name = Main.storyboard;
			sourceTree = "<group>";
		};
		30DAD8901DE5C3040068FF45 /* LaunchScreen.storyboard */ = {
			isa = PBXVariantGroup;
			children = (
				30DAD8911DE5C3040068FF45 /* Base */,
			);
			name = LaunchScreen.storyboard;
			sourceTree = "<group>";
		};
/* End PBXVariantGroup section */

/* Begin XCBuildConfiguration section */
		30DAD8AA1DE5C3040068FF45 /* Debug */ = {
			isa = XCBuildConfiguration;
			buildSettings = {
				ALWAYS_SEARCH_USER_PATHS = NO;
				CLANG_ANALYZER_NONNULL = YES;
				CLANG_CXX_LANGUAGE_STANDARD = "gnu++0x";
				CLANG_CXX_LIBRARY = "libc++";
				CLANG_ENABLE_MODULES = YES;
				CLANG_ENABLE_OBJC_ARC = YES;
				CLANG_WARN_BLOCK_CAPTURE_AUTORELEASING = YES;
				CLANG_WARN_BOOL_CONVERSION = YES;
				CLANG_WARN_COMMA = YES;
				CLANG_WARN_CONSTANT_CONVERSION = YES;
				CLANG_WARN_DEPRECATED_OBJC_IMPLEMENTATIONS = YES;
				CLANG_WARN_DIRECT_OBJC_ISA_USAGE = YES_ERROR;
				CLANG_WARN_DOCUMENTATION_COMMENTS = YES;
				CLANG_WARN_EMPTY_BODY = YES;
				CLANG_WARN_ENUM_CONVERSION = YES;
				CLANG_WARN_INFINITE_RECURSION = YES;
				CLANG_WARN_INT_CONVERSION = YES;
				CLANG_WARN_NON_LITERAL_NULL_CONVERSION = YES;
				CLANG_WARN_OBJC_IMPLICIT_RETAIN_SELF = YES;
				CLANG_WARN_OBJC_LITERAL_CONVERSION = YES;
				CLANG_WARN_OBJC_ROOT_CLASS = YES_ERROR;
				CLANG_WARN_RANGE_LOOP_ANALYSIS = YES;
				CLANG_WARN_STRICT_PROTOTYPES = YES;
				CLANG_WARN_SUSPICIOUS_MOVE = YES;
				CLANG_WARN_SUSPICIOUS_MOVES = YES;
				CLANG_WARN_UNREACHABLE_CODE = YES;
				CLANG_WARN__DUPLICATE_METHOD_MATCH = YES;
				"CODE_SIGN_IDENTITY[sdk=iphoneos*]" = "iPhone Developer";
				COPY_PHASE_STRIP = NO;
				DEBUG_INFORMATION_FORMAT = dwarf;
				ENABLE_STRICT_OBJC_MSGSEND = YES;
				ENABLE_TESTABILITY = YES;
				GCC_C_LANGUAGE_STANDARD = gnu99;
				GCC_DYNAMIC_NO_PIC = NO;
				GCC_NO_COMMON_BLOCKS = YES;
				GCC_OPTIMIZATION_LEVEL = 0;
				GCC_PREPROCESSOR_DEFINITIONS = (
					"DEBUG=1",
					"$(inherited)",
				);
				GCC_WARN_64_TO_32_BIT_CONVERSION = YES;
				GCC_WARN_ABOUT_RETURN_TYPE = YES_ERROR;
				GCC_WARN_UNDECLARED_SELECTOR = YES;
				GCC_WARN_UNINITIALIZED_AUTOS = YES_AGGRESSIVE;
				GCC_WARN_UNUSED_FUNCTION = YES;
				GCC_WARN_UNUSED_VARIABLE = YES;
				IPHONEOS_DEPLOYMENT_TARGET = 9.0;
				MTL_ENABLE_DEBUG_INFO = YES;
				ONLY_ACTIVE_ARCH = YES;
				SDKROOT = iphoneos;
				SWIFT_ACTIVE_COMPILATION_CONDITIONS = DEBUG;
				SWIFT_OPTIMIZATION_LEVEL = "-Onone";
				TARGETED_DEVICE_FAMILY = "1,2";
			};
			name = Debug;
		};
		30DAD8AB1DE5C3040068FF45 /* Release */ = {
			isa = XCBuildConfiguration;
			buildSettings = {
				ALWAYS_SEARCH_USER_PATHS = NO;
				CLANG_ANALYZER_NONNULL = YES;
				CLANG_CXX_LANGUAGE_STANDARD = "gnu++0x";
				CLANG_CXX_LIBRARY = "libc++";
				CLANG_ENABLE_MODULES = YES;
				CLANG_ENABLE_OBJC_ARC = YES;
				CLANG_WARN_BLOCK_CAPTURE_AUTORELEASING = YES;
				CLANG_WARN_BOOL_CONVERSION = YES;
				CLANG_WARN_COMMA = YES;
				CLANG_WARN_CONSTANT_CONVERSION = YES;
				CLANG_WARN_DEPRECATED_OBJC_IMPLEMENTATIONS = YES;
				CLANG_WARN_DIRECT_OBJC_ISA_USAGE = YES_ERROR;
				CLANG_WARN_DOCUMENTATION_COMMENTS = YES;
				CLANG_WARN_EMPTY_BODY = YES;
				CLANG_WARN_ENUM_CONVERSION = YES;
				CLANG_WARN_INFINITE_RECURSION = YES;
				CLANG_WARN_INT_CONVERSION = YES;
				CLANG_WARN_NON_LITERAL_NULL_CONVERSION = YES;
				CLANG_WARN_OBJC_IMPLICIT_RETAIN_SELF = YES;
				CLANG_WARN_OBJC_LITERAL_CONVERSION = YES;
				CLANG_WARN_OBJC_ROOT_CLASS = YES_ERROR;
				CLANG_WARN_RANGE_LOOP_ANALYSIS = YES;
				CLANG_WARN_STRICT_PROTOTYPES = YES;
				CLANG_WARN_SUSPICIOUS_MOVE = YES;
				CLANG_WARN_SUSPICIOUS_MOVES = YES;
				CLANG_WARN_UNREACHABLE_CODE = YES;
				CLANG_WARN__DUPLICATE_METHOD_MATCH = YES;
				"CODE_SIGN_IDENTITY[sdk=iphoneos*]" = "iPhone Developer";
				COPY_PHASE_STRIP = NO;
				DEBUG_INFORMATION_FORMAT = "dwarf-with-dsym";
				ENABLE_NS_ASSERTIONS = NO;
				ENABLE_STRICT_OBJC_MSGSEND = YES;
				GCC_C_LANGUAGE_STANDARD = gnu99;
				GCC_NO_COMMON_BLOCKS = YES;
				GCC_WARN_64_TO_32_BIT_CONVERSION = YES;
				GCC_WARN_ABOUT_RETURN_TYPE = YES_ERROR;
				GCC_WARN_UNDECLARED_SELECTOR = YES;
				GCC_WARN_UNINITIALIZED_AUTOS = YES_AGGRESSIVE;
				GCC_WARN_UNUSED_FUNCTION = YES;
				GCC_WARN_UNUSED_VARIABLE = YES;
				IPHONEOS_DEPLOYMENT_TARGET = 9.0;
				MTL_ENABLE_DEBUG_INFO = NO;
				SDKROOT = iphoneos;
				SWIFT_OPTIMIZATION_LEVEL = "-Owholemodule";
				TARGETED_DEVICE_FAMILY = "1,2";
				VALIDATE_PRODUCT = YES;
			};
			name = Release;
		};
		30DAD8AD1DE5C3040068FF45 /* Debug */ = {
			isa = XCBuildConfiguration;
			buildSettings = {
				ASSETCATALOG_COMPILER_APPICON_NAME = AppIcon;
				DEVELOPMENT_TEAM = 4F3H93F24G;
				INFOPLIST_FILE = "Poke Memo/Info.plist";
				IPHONEOS_DEPLOYMENT_TARGET = 9.0;
				LD_RUNPATH_SEARCH_PATHS = "$(inherited) @executable_path/Frameworks";
				PRODUCT_BUNDLE_IDENTIFIER = com.mm289.happymemo;
				PRODUCT_NAME = "$(TARGET_NAME)";
				SWIFT_VERSION = 3.0;
				TARGETED_DEVICE_FAMILY = "1,2";
			};
			name = Debug;
		};
		30DAD8AE1DE5C3040068FF45 /* Release */ = {
			isa = XCBuildConfiguration;
			buildSettings = {
				ASSETCATALOG_COMPILER_APPICON_NAME = AppIcon;
				DEVELOPMENT_TEAM = 4F3H93F24G;
				INFOPLIST_FILE = "Poke Memo/Info.plist";
				IPHONEOS_DEPLOYMENT_TARGET = 9.0;
				LD_RUNPATH_SEARCH_PATHS = "$(inherited) @executable_path/Frameworks";
				PRODUCT_BUNDLE_IDENTIFIER = com.mm289.happymemo;
				PRODUCT_NAME = "$(TARGET_NAME)";
				SWIFT_VERSION = 3.0;
				TARGETED_DEVICE_FAMILY = "1,2";
			};
			name = Release;
		};
		30DAD8B01DE5C3040068FF45 /* Debug */ = {
			isa = XCBuildConfiguration;
			buildSettings = {
				ALWAYS_EMBED_SWIFT_STANDARD_LIBRARIES = YES;
				BUNDLE_LOADER = "$(TEST_HOST)";
				DEVELOPMENT_TEAM = 4F3H93F24G;
				INFOPLIST_FILE = "Poke MemoTests/Info.plist";
				LD_RUNPATH_SEARCH_PATHS = "$(inherited) @executable_path/Frameworks @loader_path/Frameworks";
				PRODUCT_BUNDLE_IDENTIFIER = "com.mm289.Poke-MemoTests";
				PRODUCT_NAME = "$(TARGET_NAME)";
				SWIFT_VERSION = 3.0;
				TEST_HOST = "$(BUILT_PRODUCTS_DIR)/Happy_Memo.app/Happy_Memo";
			};
			name = Debug;
		};
		30DAD8B11DE5C3040068FF45 /* Release */ = {
			isa = XCBuildConfiguration;
			buildSettings = {
				ALWAYS_EMBED_SWIFT_STANDARD_LIBRARIES = YES;
				BUNDLE_LOADER = "$(TEST_HOST)";
				DEVELOPMENT_TEAM = 4F3H93F24G;
				INFOPLIST_FILE = "Poke MemoTests/Info.plist";
				LD_RUNPATH_SEARCH_PATHS = "$(inherited) @executable_path/Frameworks @loader_path/Frameworks";
				PRODUCT_BUNDLE_IDENTIFIER = "com.mm289.Poke-MemoTests";
				PRODUCT_NAME = "$(TARGET_NAME)";
				SWIFT_VERSION = 3.0;
				TEST_HOST = "$(BUILT_PRODUCTS_DIR)/Happy_Memo.app/Happy_Memo";
			};
			name = Release;
		};
		30DAD8B31DE5C3040068FF45 /* Debug */ = {
			isa = XCBuildConfiguration;
			buildSettings = {
				ALWAYS_EMBED_SWIFT_STANDARD_LIBRARIES = YES;
				DEVELOPMENT_TEAM = 4F3H93F24G;
				INFOPLIST_FILE = "Poke MemoUITests/Info.plist";
				LD_RUNPATH_SEARCH_PATHS = "$(inherited) @executable_path/Frameworks @loader_path/Frameworks";
				PRODUCT_BUNDLE_IDENTIFIER = "com.mm289.Poke-MemoUITests";
				PRODUCT_NAME = "$(TARGET_NAME)";
				SWIFT_VERSION = 3.0;
				TEST_TARGET_NAME = "Poke Memo";
			};
			name = Debug;
		};
		30DAD8B41DE5C3040068FF45 /* Release */ = {
			isa = XCBuildConfiguration;
			buildSettings = {
				ALWAYS_EMBED_SWIFT_STANDARD_LIBRARIES = YES;
				DEVELOPMENT_TEAM = 4F3H93F24G;
				INFOPLIST_FILE = "Poke MemoUITests/Info.plist";
				LD_RUNPATH_SEARCH_PATHS = "$(inherited) @executable_path/Frameworks @loader_path/Frameworks";
				PRODUCT_BUNDLE_IDENTIFIER = "com.mm289.Poke-MemoUITests";
				PRODUCT_NAME = "$(TARGET_NAME)";
				SWIFT_VERSION = 3.0;
				TEST_TARGET_NAME = "Poke Memo";
			};
			name = Release;
		};
/* End XCBuildConfiguration section */

/* Begin XCConfigurationList section */
		30DAD87F1DE5C3040068FF45 /* Build configuration list for PBXProject "Happy_Memo" */ = {
			isa = XCConfigurationList;
			buildConfigurations = (
				30DAD8AA1DE5C3040068FF45 /* Debug */,
				30DAD8AB1DE5C3040068FF45 /* Release */,
			);
			defaultConfigurationIsVisible = 0;
			defaultConfigurationName = Release;
		};
		30DAD8AC1DE5C3040068FF45 /* Build configuration list for PBXNativeTarget "Happy_Memo" */ = {
			isa = XCConfigurationList;
			buildConfigurations = (
				30DAD8AD1DE5C3040068FF45 /* Debug */,
				30DAD8AE1DE5C3040068FF45 /* Release */,
			);
			defaultConfigurationIsVisible = 0;
			defaultConfigurationName = Release;
		};
		30DAD8AF1DE5C3040068FF45 /* Build configuration list for PBXNativeTarget "Happy_MemoTests" */ = {
			isa = XCConfigurationList;
			buildConfigurations = (
				30DAD8B01DE5C3040068FF45 /* Debug */,
				30DAD8B11DE5C3040068FF45 /* Release */,
			);
			defaultConfigurationIsVisible = 0;
			defaultConfigurationName = Release;
		};
		30DAD8B21DE5C3040068FF45 /* Build configuration list for PBXNativeTarget "Happy_MemoUITests" */ = {
			isa = XCConfigurationList;
			buildConfigurations = (
				30DAD8B31DE5C3040068FF45 /* Debug */,
				30DAD8B41DE5C3040068FF45 /* Release */,
			);
			defaultConfigurationIsVisible = 0;
			defaultConfigurationName = Release;
		};
/* End XCConfigurationList section */
	};
	rootObject = 30DAD87C1DE5C3040068FF45 /* Project object */;
}
